// !$*UTF8*$!
{
	archiveVersion = 1;
	classes = {
	};
	objectVersion = 46;
	objects = {

/* Begin PBXBuildFile section */
		90E10B46DD6952C71E201F04 /* Pods.framework in Frameworks */ = {isa = PBXBuildFile; fileRef = 02FB0C4B70813539DCDE5E4C /* Pods.framework */; };
		A92BA69C1BBDBC210093F701 /* StatusManager.swift in Sources */ = {isa = PBXBuildFile; fileRef = A92BA69B1BBDBC210093F701 /* StatusManager.swift */; };
		A94370A71BB6384B002521F7 /* GattUUIDs.plist in Resources */ = {isa = PBXBuildFile; fileRef = A94370A61BB6384B002521F7 /* GattUUIDs.plist */; };
		A94370BA1BB6493A002521F7 /* BleManager.swift in Sources */ = {isa = PBXBuildFile; fileRef = A94370AB1BB6493A002521F7 /* BleManager.swift */; };
		A94370BB1BB6493A002521F7 /* BlePeripheral.swift in Sources */ = {isa = PBXBuildFile; fileRef = A94370AC1BB6493A002521F7 /* BlePeripheral.swift */; };
		A94370CF1BB64959002521F7 /* BLEOperations.m in Sources */ = {isa = PBXBuildFile; fileRef = A94370C51BB64959002521F7 /* BLEOperations.m */; };
		A94370D01BB64959002521F7 /* DFUOperations.m in Sources */ = {isa = PBXBuildFile; fileRef = A94370C71BB64959002521F7 /* DFUOperations.m */; };
		A94370D11BB64959002521F7 /* DFUOperationsDetails.m in Sources */ = {isa = PBXBuildFile; fileRef = A94370C91BB64959002521F7 /* DFUOperationsDetails.m */; };
		A94370D21BB64959002521F7 /* FileOperations.m in Sources */ = {isa = PBXBuildFile; fileRef = A94370CB1BB64959002521F7 /* FileOperations.m */; };
		A94370D31BB64959002521F7 /* IntelHex2BinConverter.m in Sources */ = {isa = PBXBuildFile; fileRef = A94370CE1BB64959002521F7 /* IntelHex2BinConverter.m */; };
		A94370D71BB649AE002521F7 /* Utility.m in Sources */ = {isa = PBXBuildFile; fileRef = A94370D61BB649AE002521F7 /* Utility.m */; };
		A949AA611C5AC85A002F960B /* Images.xcassets in Resources */ = {isa = PBXBuildFile; fileRef = A949AA601C5AC85A002F960B /* Images.xcassets */; };
		A949AA641C5AC8C3002F960B /* Main.storyboard in Resources */ = {isa = PBXBuildFile; fileRef = A949AA621C5AC8C3002F960B /* Main.storyboard */; };
		A949AA671C5AC912002F960B /* AppDelegate.swift in Sources */ = {isa = PBXBuildFile; fileRef = A949AA651C5AC912002F960B /* AppDelegate.swift */; };
		A949AA761C5AC977002F960B /* DetailsViewController.swift in Sources */ = {isa = PBXBuildFile; fileRef = A949AA6A1C5AC977002F960B /* DetailsViewController.swift */; };
		A949AA771C5AC977002F960B /* FirmwareUpdateViewController.swift in Sources */ = {isa = PBXBuildFile; fileRef = A949AA6B1C5AC977002F960B /* FirmwareUpdateViewController.swift */; };
		A949AA781C5AC977002F960B /* InfoViewController.swift in Sources */ = {isa = PBXBuildFile; fileRef = A949AA6C1C5AC977002F960B /* InfoViewController.swift */; };
		A949AA791C5AC977002F960B /* MainSplitViewController.swift in Sources */ = {isa = PBXBuildFile; fileRef = A949AA6D1C5AC977002F960B /* MainSplitViewController.swift */; };
		A949AA7A1C5AC977002F960B /* MainWindowController.swift in Sources */ = {isa = PBXBuildFile; fileRef = A949AA6E1C5AC977002F960B /* MainWindowController.swift */; };
		A949AA7B1C5AC977002F960B /* NeopixelViewController.swift in Sources */ = {isa = PBXBuildFile; fileRef = A949AA6F1C5AC977002F960B /* NeopixelViewController.swift */; };
		A949AA7C1C5AC977002F960B /* PeripheralListViewController.swift in Sources */ = {isa = PBXBuildFile; fileRef = A949AA701C5AC977002F960B /* PeripheralListViewController.swift */; };
		A949AA7D1C5AC977002F960B /* PeripheralTableCellView.swift in Sources */ = {isa = PBXBuildFile; fileRef = A949AA711C5AC977002F960B /* PeripheralTableCellView.swift */; };
		A949AA7E1C5AC977002F960B /* PreferencesViewController.swift in Sources */ = {isa = PBXBuildFile; fileRef = A949AA721C5AC977002F960B /* PreferencesViewController.swift */; };
		A949AA7F1C5AC977002F960B /* StatusViewController.swift in Sources */ = {isa = PBXBuildFile; fileRef = A949AA731C5AC977002F960B /* StatusViewController.swift */; };
		A949AA801C5AC977002F960B /* UartViewController.swift in Sources */ = {isa = PBXBuildFile; fileRef = A949AA741C5AC977002F960B /* UartViewController.swift */; };
		A949AA811C5AC977002F960B /* UpdateDialogViewController.swift in Sources */ = {isa = PBXBuildFile; fileRef = A949AA751C5AC977002F960B /* UpdateDialogViewController.swift */; };
		A94B85101BB65C48007B88C7 /* FirmwareUpdater.m in Sources */ = {isa = PBXBuildFile; fileRef = A94B850F1BB65C48007B88C7 /* FirmwareUpdater.m */; };
		A94B85131BB65C71007B88C7 /* ReleasesParser.m in Sources */ = {isa = PBXBuildFile; fileRef = A94B85121BB65C71007B88C7 /* ReleasesParser.m */; };
		A94B851E1BB704BC007B88C7 /* HexConversions.swift in Sources */ = {isa = PBXBuildFile; fileRef = A94B851D1BB704BC007B88C7 /* HexConversions.swift */; };
		A982968B1BB222D700DD478C /* LogHelper.swift in Sources */ = {isa = PBXBuildFile; fileRef = A982968A1BB222D700DD478C /* LogHelper.swift */; };
		A98AE3AD1C42AB5000FA8E80 /* UartDataExport.swift in Sources */ = {isa = PBXBuildFile; fileRef = A98AE3AC1C42AB5000FA8E80 /* UartDataExport.swift */; };
		A98AE3AF1C42ABF300FA8E80 /* UartDataChunk.swift in Sources */ = {isa = PBXBuildFile; fileRef = A98AE3AE1C42ABF300FA8E80 /* UartDataChunk.swift */; };
		A98E03951BBA2A0300F8924C /* Credits.rtf in Resources */ = {isa = PBXBuildFile; fileRef = A98E03941BBA2A0300F8924C /* Credits.rtf */; };
		A98E03A31BBA3EEE00F8924C /* Preferences.swift in Sources */ = {isa = PBXBuildFile; fileRef = A98E03A21BBA3EEE00F8924C /* Preferences.swift */; };
		A98E03A51BBA406700F8924C /* DefaultPreferences.plist in Resources */ = {isa = PBXBuildFile; fileRef = A98E03A41BBA406700F8924C /* DefaultPreferences.plist */; };
		A9A2FF811C3EEA6B0039D188 /* MqttSettings.swift in Sources */ = {isa = PBXBuildFile; fileRef = A9A2FF801C3EEA6B0039D188 /* MqttSettings.swift */; };
		A9A2FF831C3EEA9D0039D188 /* MqttManager.swift in Sources */ = {isa = PBXBuildFile; fileRef = A9A2FF821C3EEA9D0039D188 /* MqttManager.swift */; };
		A9A2FF851C3EEBCE0039D188 /* RssiUI.swift in Sources */ = {isa = PBXBuildFile; fileRef = A9A2FF841C3EEBCE0039D188 /* RssiUI.swift */; };
		A9A842411BD1276C003B925A /* SeparatorView.swift in Sources */ = {isa = PBXBuildFile; fileRef = A9A842401BD1276C003B925A /* SeparatorView.swift */; };
		A9BDC6FE1BBCC65A00766400 /* NSColor+hex.m in Sources */ = {isa = PBXBuildFile; fileRef = A9BDC6FD1BBCC65A00766400 /* NSColor+hex.m */; };
		A9FE75731BB9CF1000F7A5BF /* XMLDictionary.m in Sources */ = {isa = PBXBuildFile; fileRef = A9FE75721BB9CF1000F7A5BF /* XMLDictionary.m */; };
/* End PBXBuildFile section */

/* Begin PBXFileReference section */
		02FB0C4B70813539DCDE5E4C /* Pods.framework */ = {isa = PBXFileReference; explicitFileType = wrapper.framework; includeInIndex = 0; path = Pods.framework; sourceTree = BUILT_PRODUCTS_DIR; };
		66672FBC2FCB5263B85D6D8E /* Pods.debug.xcconfig */ = {isa = PBXFileReference; includeInIndex = 1; lastKnownFileType = text.xcconfig; name = Pods.debug.xcconfig; path = "Pods/Target Support Files/Pods/Pods.debug.xcconfig"; sourceTree = "<group>"; };
		A92BA69B1BBDBC210093F701 /* StatusManager.swift */ = {isa = PBXFileReference; fileEncoding = 4; lastKnownFileType = sourcecode.swift; path = StatusManager.swift; sourceTree = "<group>"; };
		A94370A61BB6384B002521F7 /* GattUUIDs.plist */ = {isa = PBXFileReference; fileEncoding = 4; lastKnownFileType = text.plist.xml; path = GattUUIDs.plist; sourceTree = "<group>"; };
		A94370AB1BB6493A002521F7 /* BleManager.swift */ = {isa = PBXFileReference; fileEncoding = 4; lastKnownFileType = sourcecode.swift; path = BleManager.swift; sourceTree = "<group>"; };
		A94370AC1BB6493A002521F7 /* BlePeripheral.swift */ = {isa = PBXFileReference; fileEncoding = 4; lastKnownFileType = sourcecode.swift; path = BlePeripheral.swift; sourceTree = "<group>"; };
		A94370C41BB64959002521F7 /* BLEOperations.h */ = {isa = PBXFileReference; fileEncoding = 4; lastKnownFileType = sourcecode.c.h; path = BLEOperations.h; sourceTree = "<group>"; };
		A94370C51BB64959002521F7 /* BLEOperations.m */ = {isa = PBXFileReference; fileEncoding = 4; lastKnownFileType = sourcecode.c.objc; path = BLEOperations.m; sourceTree = "<group>"; };
		A94370C61BB64959002521F7 /* DFUOperations.h */ = {isa = PBXFileReference; fileEncoding = 4; lastKnownFileType = sourcecode.c.h; path = DFUOperations.h; sourceTree = "<group>"; };
		A94370C71BB64959002521F7 /* DFUOperations.m */ = {isa = PBXFileReference; fileEncoding = 4; lastKnownFileType = sourcecode.c.objc; path = DFUOperations.m; sourceTree = "<group>"; };
		A94370C81BB64959002521F7 /* DFUOperationsDetails.h */ = {isa = PBXFileReference; fileEncoding = 4; lastKnownFileType = sourcecode.c.h; path = DFUOperationsDetails.h; sourceTree = "<group>"; };
		A94370C91BB64959002521F7 /* DFUOperationsDetails.m */ = {isa = PBXFileReference; fileEncoding = 4; lastKnownFileType = sourcecode.c.objc; path = DFUOperationsDetails.m; sourceTree = "<group>"; };
		A94370CA1BB64959002521F7 /* FileOperations.h */ = {isa = PBXFileReference; fileEncoding = 4; lastKnownFileType = sourcecode.c.h; path = FileOperations.h; sourceTree = "<group>"; };
		A94370CB1BB64959002521F7 /* FileOperations.m */ = {isa = PBXFileReference; fileEncoding = 4; lastKnownFileType = sourcecode.c.objc; path = FileOperations.m; sourceTree = "<group>"; };
		A94370CD1BB64959002521F7 /* IntelHex2BinConverter.h */ = {isa = PBXFileReference; fileEncoding = 4; lastKnownFileType = sourcecode.c.h; path = IntelHex2BinConverter.h; sourceTree = "<group>"; };
		A94370CE1BB64959002521F7 /* IntelHex2BinConverter.m */ = {isa = PBXFileReference; fileEncoding = 4; lastKnownFileType = sourcecode.c.objc; path = IntelHex2BinConverter.m; sourceTree = "<group>"; };
		A94370D51BB649AE002521F7 /* Utility.h */ = {isa = PBXFileReference; fileEncoding = 4; lastKnownFileType = sourcecode.c.h; path = Utility.h; sourceTree = "<group>"; };
		A94370D61BB649AE002521F7 /* Utility.m */ = {isa = PBXFileReference; fileEncoding = 4; lastKnownFileType = sourcecode.c.objc; path = Utility.m; sourceTree = "<group>"; };
		A949AA601C5AC85A002F960B /* Images.xcassets */ = {isa = PBXFileReference; lastKnownFileType = folder.assetcatalog; path = Images.xcassets; sourceTree = "<group>"; };
		A949AA631C5AC8C3002F960B /* Base */ = {isa = PBXFileReference; lastKnownFileType = file.storyboard; name = Base; path = Base.lproj/Main.storyboard; sourceTree = "<group>"; };
		A949AA651C5AC912002F960B /* AppDelegate.swift */ = {isa = PBXFileReference; fileEncoding = 4; lastKnownFileType = sourcecode.swift; path = AppDelegate.swift; sourceTree = "<group>"; };
		A949AA661C5AC912002F960B /* Info.plist */ = {isa = PBXFileReference; fileEncoding = 4; lastKnownFileType = text.plist.xml; path = Info.plist; sourceTree = "<group>"; };
		A949AA6A1C5AC977002F960B /* DetailsViewController.swift */ = {isa = PBXFileReference; fileEncoding = 4; lastKnownFileType = sourcecode.swift; path = DetailsViewController.swift; sourceTree = "<group>"; };
		A949AA6B1C5AC977002F960B /* FirmwareUpdateViewController.swift */ = {isa = PBXFileReference; fileEncoding = 4; lastKnownFileType = sourcecode.swift; path = FirmwareUpdateViewController.swift; sourceTree = "<group>"; };
		A949AA6C1C5AC977002F960B /* InfoViewController.swift */ = {isa = PBXFileReference; fileEncoding = 4; lastKnownFileType = sourcecode.swift; path = InfoViewController.swift; sourceTree = "<group>"; };
		A949AA6D1C5AC977002F960B /* MainSplitViewController.swift */ = {isa = PBXFileReference; fileEncoding = 4; lastKnownFileType = sourcecode.swift; path = MainSplitViewController.swift; sourceTree = "<group>"; };
		A949AA6E1C5AC977002F960B /* MainWindowController.swift */ = {isa = PBXFileReference; fileEncoding = 4; lastKnownFileType = sourcecode.swift; path = MainWindowController.swift; sourceTree = "<group>"; };
		A949AA6F1C5AC977002F960B /* NeopixelViewController.swift */ = {isa = PBXFileReference; fileEncoding = 4; lastKnownFileType = sourcecode.swift; path = NeopixelViewController.swift; sourceTree = "<group>"; };
		A949AA701C5AC977002F960B /* PeripheralListViewController.swift */ = {isa = PBXFileReference; fileEncoding = 4; lastKnownFileType = sourcecode.swift; path = PeripheralListViewController.swift; sourceTree = "<group>"; };
		A949AA711C5AC977002F960B /* PeripheralTableCellView.swift */ = {isa = PBXFileReference; fileEncoding = 4; lastKnownFileType = sourcecode.swift; path = PeripheralTableCellView.swift; sourceTree = "<group>"; };
		A949AA721C5AC977002F960B /* PreferencesViewController.swift */ = {isa = PBXFileReference; fileEncoding = 4; lastKnownFileType = sourcecode.swift; path = PreferencesViewController.swift; sourceTree = "<group>"; };
		A949AA731C5AC977002F960B /* StatusViewController.swift */ = {isa = PBXFileReference; fileEncoding = 4; lastKnownFileType = sourcecode.swift; path = StatusViewController.swift; sourceTree = "<group>"; };
		A949AA741C5AC977002F960B /* UartViewController.swift */ = {isa = PBXFileReference; fileEncoding = 4; lastKnownFileType = sourcecode.swift; path = UartViewController.swift; sourceTree = "<group>"; };
		A949AA751C5AC977002F960B /* UpdateDialogViewController.swift */ = {isa = PBXFileReference; fileEncoding = 4; lastKnownFileType = sourcecode.swift; path = UpdateDialogViewController.swift; sourceTree = "<group>"; };
		A949AA821C5ACAA7002F960B /* BluefruitConnect-Bridging-Header.h */ = {isa = PBXFileReference; lastKnownFileType = sourcecode.c.h; path = "BluefruitConnect-Bridging-Header.h"; sourceTree = "<group>"; };
		A94B850E1BB65C48007B88C7 /* FirmwareUpdater.h */ = {isa = PBXFileReference; fileEncoding = 4; lastKnownFileType = sourcecode.c.h; path = FirmwareUpdater.h; sourceTree = "<group>"; };
		A94B850F1BB65C48007B88C7 /* FirmwareUpdater.m */ = {isa = PBXFileReference; fileEncoding = 4; lastKnownFileType = sourcecode.c.objc; path = FirmwareUpdater.m; sourceTree = "<group>"; };
		A94B85111BB65C70007B88C7 /* ReleasesParser.h */ = {isa = PBXFileReference; fileEncoding = 4; lastKnownFileType = sourcecode.c.h; path = ReleasesParser.h; sourceTree = "<group>"; };
		A94B85121BB65C71007B88C7 /* ReleasesParser.m */ = {isa = PBXFileReference; fileEncoding = 4; lastKnownFileType = sourcecode.c.objc; path = ReleasesParser.m; sourceTree = "<group>"; };
		A94B85141BB65CA3007B88C7 /* LogHelper.h */ = {isa = PBXFileReference; lastKnownFileType = sourcecode.c.h; path = LogHelper.h; sourceTree = "<group>"; };
		A94B851D1BB704BC007B88C7 /* HexConversions.swift */ = {isa = PBXFileReference; fileEncoding = 4; lastKnownFileType = sourcecode.swift; path = HexConversions.swift; sourceTree = "<group>"; };
		A98296681BB1F5E600DD478C /* Bluefruit Connect.app */ = {isa = PBXFileReference; explicitFileType = wrapper.application; includeInIndex = 0; path = "Bluefruit Connect.app"; sourceTree = BUILT_PRODUCTS_DIR; };
		A982968A1BB222D700DD478C /* LogHelper.swift */ = {isa = PBXFileReference; fileEncoding = 4; lastKnownFileType = sourcecode.swift; path = LogHelper.swift; sourceTree = "<group>"; };
		A98AE3AC1C42AB5000FA8E80 /* UartDataExport.swift */ = {isa = PBXFileReference; fileEncoding = 4; lastKnownFileType = sourcecode.swift; path = UartDataExport.swift; sourceTree = "<group>"; };
		A98AE3AE1C42ABF300FA8E80 /* UartDataChunk.swift */ = {isa = PBXFileReference; fileEncoding = 4; lastKnownFileType = sourcecode.swift; path = UartDataChunk.swift; sourceTree = "<group>"; };
		A98E03941BBA2A0300F8924C /* Credits.rtf */ = {isa = PBXFileReference; fileEncoding = 4; lastKnownFileType = text.rtf; path = Credits.rtf; sourceTree = "<group>"; };
		A98E03A21BBA3EEE00F8924C /* Preferences.swift */ = {isa = PBXFileReference; fileEncoding = 4; lastKnownFileType = sourcecode.swift; path = Preferences.swift; sourceTree = "<group>"; };
		A98E03A41BBA406700F8924C /* DefaultPreferences.plist */ = {isa = PBXFileReference; fileEncoding = 4; lastKnownFileType = text.plist.xml; path = DefaultPreferences.plist; sourceTree = "<group>"; };
		A9A2FF801C3EEA6B0039D188 /* MqttSettings.swift */ = {isa = PBXFileReference; fileEncoding = 4; lastKnownFileType = sourcecode.swift; path = MqttSettings.swift; sourceTree = "<group>"; };
		A9A2FF821C3EEA9D0039D188 /* MqttManager.swift */ = {isa = PBXFileReference; fileEncoding = 4; lastKnownFileType = sourcecode.swift; path = MqttManager.swift; sourceTree = "<group>"; };
		A9A2FF841C3EEBCE0039D188 /* RssiUI.swift */ = {isa = PBXFileReference; fileEncoding = 4; lastKnownFileType = sourcecode.swift; path = RssiUI.swift; sourceTree = "<group>"; };
		A9A842401BD1276C003B925A /* SeparatorView.swift */ = {isa = PBXFileReference; fileEncoding = 4; lastKnownFileType = sourcecode.swift; path = SeparatorView.swift; sourceTree = "<group>"; };
		A9BDC6FC1BBCC65A00766400 /* NSColor+hex.h */ = {isa = PBXFileReference; fileEncoding = 4; lastKnownFileType = sourcecode.c.h; path = "NSColor+hex.h"; sourceTree = "<group>"; };
		A9BDC6FD1BBCC65A00766400 /* NSColor+hex.m */ = {isa = PBXFileReference; fileEncoding = 4; lastKnownFileType = sourcecode.c.objc; path = "NSColor+hex.m"; sourceTree = "<group>"; };
		A9FE75711BB9CF1000F7A5BF /* XMLDictionary.h */ = {isa = PBXFileReference; fileEncoding = 4; lastKnownFileType = sourcecode.c.h; path = XMLDictionary.h; sourceTree = "<group>"; };
		A9FE75721BB9CF1000F7A5BF /* XMLDictionary.m */ = {isa = PBXFileReference; fileEncoding = 4; lastKnownFileType = sourcecode.c.objc; path = XMLDictionary.m; sourceTree = "<group>"; };
		C5A11F7B19B242E6BDABE5EA /* Pods.release.xcconfig */ = {isa = PBXFileReference; includeInIndex = 1; lastKnownFileType = text.xcconfig; name = Pods.release.xcconfig; path = "Pods/Target Support Files/Pods/Pods.release.xcconfig"; sourceTree = "<group>"; };
/* End PBXFileReference section */

/* Begin PBXFrameworksBuildPhase section */
		A98296651BB1F5E600DD478C /* Frameworks */ = {
			isa = PBXFrameworksBuildPhase;
			buildActionMask = 2147483647;
			files = (
				90E10B46DD6952C71E201F04 /* Pods.framework in Frameworks */,
			);
			runOnlyForDeploymentPostprocessing = 0;
		};
/* End PBXFrameworksBuildPhase section */

/* Begin PBXGroup section */
		67C2A377EABD44879350317E /* Frameworks */ = {
			isa = PBXGroup;
			children = (
				02FB0C4B70813539DCDE5E4C /* Pods.framework */,
			);
			name = Frameworks;
			sourceTree = "<group>";
		};
		A94370A51BB6384B002521F7 /* Resources */ = {
			isa = PBXGroup;
			children = (
				A94370A61BB6384B002521F7 /* GattUUIDs.plist */,
				A98E03941BBA2A0300F8924C /* Credits.rtf */,
				A98E03A41BBA406700F8924C /* DefaultPreferences.plist */,
			);
			path = Resources;
			sourceTree = "<group>";
		};
		A94370AA1BB6493A002521F7 /* BLE */ = {
			isa = PBXGroup;
			children = (
				A94370AB1BB6493A002521F7 /* BleManager.swift */,
				A94370AC1BB6493A002521F7 /* BlePeripheral.swift */,
			);
			path = BLE;
			sourceTree = "<group>";
		};
		A94370C11BB64959002521F7 /* External Tools */ = {
			isa = PBXGroup;
			children = (
				A9BDC6F91BBCC38700766400 /* Colors */,
				A9FE75701BB9CF1000F7A5BF /* XML */,
				A94370C21BB64959002521F7 /* DFU */,
			);
			path = "External Tools";
			sourceTree = "<group>";
		};
		A94370C21BB64959002521F7 /* DFU */ = {
			isa = PBXGroup;
			children = (
				A94370D41BB649AE002521F7 /* Constants */,
				A94370C31BB64959002521F7 /* DFUImplementation */,
				A94370CC1BB64959002521F7 /* HexToBinConverter */,
			);
			path = DFU;
			sourceTree = "<group>";
		};
		A94370C31BB64959002521F7 /* DFUImplementation */ = {
			isa = PBXGroup;
			children = (
				A94370C41BB64959002521F7 /* BLEOperations.h */,
				A94370C51BB64959002521F7 /* BLEOperations.m */,
				A94370C61BB64959002521F7 /* DFUOperations.h */,
				A94370C71BB64959002521F7 /* DFUOperations.m */,
				A94370C81BB64959002521F7 /* DFUOperationsDetails.h */,
				A94370C91BB64959002521F7 /* DFUOperationsDetails.m */,
				A94370CA1BB64959002521F7 /* FileOperations.h */,
				A94370CB1BB64959002521F7 /* FileOperations.m */,
			);
			path = DFUImplementation;
			sourceTree = "<group>";
		};
		A94370CC1BB64959002521F7 /* HexToBinConverter */ = {
			isa = PBXGroup;
			children = (
				A94370CD1BB64959002521F7 /* IntelHex2BinConverter.h */,
				A94370CE1BB64959002521F7 /* IntelHex2BinConverter.m */,
			);
			path = HexToBinConverter;
			sourceTree = "<group>";
		};
		A94370D41BB649AE002521F7 /* Constants */ = {
			isa = PBXGroup;
			children = (
				A94370D51BB649AE002521F7 /* Utility.h */,
				A94370D61BB649AE002521F7 /* Utility.m */,
			);
			path = Constants;
			sourceTree = "<group>";
		};
		A949AA5A1C5AC81B002F960B /* Platform */ = {
			isa = PBXGroup;
			children = (
				A949AA5B1C5AC81B002F960B /* iOS */,
				A949AA5C1C5AC81B002F960B /* OSX */,
				A949AA5E1C5AC81B002F960B /* tvOS */,
			);
			path = Platform;
			sourceTree = "<group>";
		};
		A949AA5B1C5AC81B002F960B /* iOS */ = {
			isa = PBXGroup;
			children = (
			);
			path = iOS;
			sourceTree = "<group>";
		};
		A949AA5C1C5AC81B002F960B /* OSX */ = {
			isa = PBXGroup;
			children = (
				A949AA651C5AC912002F960B /* AppDelegate.swift */,
				A949AA661C5AC912002F960B /* Info.plist */,
				A949AA621C5AC8C3002F960B /* Main.storyboard */,
				A949AA821C5ACAA7002F960B /* BluefruitConnect-Bridging-Header.h */,
				A949AA601C5AC85A002F960B /* Images.xcassets */,
				A949AA691C5AC977002F960B /* Controllers */,
			);
			path = OSX;
			sourceTree = "<group>";
		};
		A949AA5E1C5AC81B002F960B /* tvOS */ = {
			isa = PBXGroup;
			children = (
			);
			path = tvOS;
			sourceTree = "<group>";
		};
		A949AA691C5AC977002F960B /* Controllers */ = {
			isa = PBXGroup;
			children = (
				A949AA6A1C5AC977002F960B /* DetailsViewController.swift */,
				A949AA6B1C5AC977002F960B /* FirmwareUpdateViewController.swift */,
				A949AA6C1C5AC977002F960B /* InfoViewController.swift */,
				A949AA6D1C5AC977002F960B /* MainSplitViewController.swift */,
				A949AA6E1C5AC977002F960B /* MainWindowController.swift */,
				A949AA6F1C5AC977002F960B /* NeopixelViewController.swift */,
				A949AA701C5AC977002F960B /* PeripheralListViewController.swift */,
				A949AA711C5AC977002F960B /* PeripheralTableCellView.swift */,
				A949AA721C5AC977002F960B /* PreferencesViewController.swift */,
				A949AA731C5AC977002F960B /* StatusViewController.swift */,
				A949AA741C5AC977002F960B /* UartViewController.swift */,
				A949AA751C5AC977002F960B /* UpdateDialogViewController.swift */,
			);
			path = Controllers;
			sourceTree = "<group>";
		};
		A94B850D1BB65C48007B88C7 /* Updater */ = {
			isa = PBXGroup;
			children = (
				A94B850E1BB65C48007B88C7 /* FirmwareUpdater.h */,
				A94B850F1BB65C48007B88C7 /* FirmwareUpdater.m */,
				A94B85111BB65C70007B88C7 /* ReleasesParser.h */,
				A94B85121BB65C71007B88C7 /* ReleasesParser.m */,
			);
			path = Updater;
			sourceTree = "<group>";
		};
		A982965F1BB1F5E600DD478C = {
			isa = PBXGroup;
			children = (
				A982966A1BB1F5E600DD478C /* bluefruitconnect */,
				A98296691BB1F5E600DD478C /* Products */,
				DB5DFBD4B95AFFB735FADD7B /* Pods */,
				67C2A377EABD44879350317E /* Frameworks */,
			);
			sourceTree = "<group>";
		};
		A98296691BB1F5E600DD478C /* Products */ = {
			isa = PBXGroup;
			children = (
				A98296681BB1F5E600DD478C /* Bluefruit Connect.app */,
			);
			name = Products;
			sourceTree = "<group>";
		};
		A982966A1BB1F5E600DD478C /* bluefruitconnect */ = {
			isa = PBXGroup;
			children = (
				A949AA5A1C5AC81B002F960B /* Platform */,
				A98E03A11BBA3EEE00F8924C /* Model */,
				A98296871BB21B5800DD478C /* Utils */,
				A94370C11BB64959002521F7 /* External Tools */,
				A94370A51BB6384B002521F7 /* Resources */,
			);
			path = bluefruitconnect;
			sourceTree = "<group>";
		};
		A98296871BB21B5800DD478C /* Utils */ = {
			isa = PBXGroup;
			children = (
				A9A8423F1BD1276C003B925A /* UI */,
				A94B850D1BB65C48007B88C7 /* Updater */,
				A94370AA1BB6493A002521F7 /* BLE */,
				A9A2FF7F1C3EEA6B0039D188 /* Mqtt */,
				A94B85141BB65CA3007B88C7 /* LogHelper.h */,
				A982968A1BB222D700DD478C /* LogHelper.swift */,
				A94B851D1BB704BC007B88C7 /* HexConversions.swift */,
				A98AE3AC1C42AB5000FA8E80 /* UartDataExport.swift */,
			);
			path = Utils;
			sourceTree = "<group>";
		};
		A98E03A11BBA3EEE00F8924C /* Model */ = {
			isa = PBXGroup;
			children = (
				A98E03A21BBA3EEE00F8924C /* Preferences.swift */,
				A92BA69B1BBDBC210093F701 /* StatusManager.swift */,
				A98AE3AE1C42ABF300FA8E80 /* UartDataChunk.swift */,
			);
			path = Model;
			sourceTree = "<group>";
		};
		A9A2FF7F1C3EEA6B0039D188 /* Mqtt */ = {
			isa = PBXGroup;
			children = (
				A9A2FF821C3EEA9D0039D188 /* MqttManager.swift */,
				A9A2FF801C3EEA6B0039D188 /* MqttSettings.swift */,
			);
			path = Mqtt;
			sourceTree = "<group>";
		};
		A9A8423F1BD1276C003B925A /* UI */ = {
			isa = PBXGroup;
			children = (
				A9A842401BD1276C003B925A /* SeparatorView.swift */,
				A9A2FF841C3EEBCE0039D188 /* RssiUI.swift */,
			);
			path = UI;
			sourceTree = "<group>";
		};
		A9BDC6F91BBCC38700766400 /* Colors */ = {
			isa = PBXGroup;
			children = (
				A9BDC6FC1BBCC65A00766400 /* NSColor+hex.h */,
				A9BDC6FD1BBCC65A00766400 /* NSColor+hex.m */,
			);
			path = Colors;
			sourceTree = "<group>";
		};
		A9FE75701BB9CF1000F7A5BF /* XML */ = {
			isa = PBXGroup;
			children = (
				A9FE75711BB9CF1000F7A5BF /* XMLDictionary.h */,
				A9FE75721BB9CF1000F7A5BF /* XMLDictionary.m */,
			);
			path = XML;
			sourceTree = "<group>";
		};
		DB5DFBD4B95AFFB735FADD7B /* Pods */ = {
			isa = PBXGroup;
			children = (
				66672FBC2FCB5263B85D6D8E /* Pods.debug.xcconfig */,
				C5A11F7B19B242E6BDABE5EA /* Pods.release.xcconfig */,
			);
			name = Pods;
			sourceTree = "<group>";
		};
/* End PBXGroup section */

/* Begin PBXNativeTarget section */
		A98296671BB1F5E600DD478C /* OSX */ = {
			isa = PBXNativeTarget;
			buildConfigurationList = A98296771BB1F5E600DD478C /* Build configuration list for PBXNativeTarget "OSX" */;
			buildPhases = (
				F09A0C83824210CE82A41DBC /* Check Pods Manifest.lock */,
				A98296641BB1F5E600DD478C /* Sources */,
				A98296651BB1F5E600DD478C /* Frameworks */,
				A98296661BB1F5E600DD478C /* Resources */,
				BD5D4B202D77F7878B15C4F4 /* Embed Pods Frameworks */,
				083E58B38283EC890DB4EF13 /* Copy Pods Resources */,
			);
			buildRules = (
			);
			dependencies = (
			);
			name = OSX;
			productName = bluefruitconnect;
			productReference = A98296681BB1F5E600DD478C /* Bluefruit Connect.app */;
			productType = "com.apple.product-type.application";
		};
/* End PBXNativeTarget section */

/* Begin PBXProject section */
		A98296601BB1F5E600DD478C /* Project object */ = {
			isa = PBXProject;
			attributes = {
				LastSwiftUpdateCheck = 0710;
				LastUpgradeCheck = 0700;
				ORGANIZATIONNAME = Adafruit;
				TargetAttributes = {
					A98296671BB1F5E600DD478C = {
						CreatedOnToolsVersion = 7.0;
					};
				};
			};
			buildConfigurationList = A98296631BB1F5E600DD478C /* Build configuration list for PBXProject "Bluefruit Connect" */;
			compatibilityVersion = "Xcode 3.2";
			developmentRegion = English;
			hasScannedForEncodings = 0;
			knownRegions = (
				en,
				Base,
			);
			mainGroup = A982965F1BB1F5E600DD478C;
			productRefGroup = A98296691BB1F5E600DD478C /* Products */;
			projectDirPath = "";
			projectRoot = "";
			targets = (
				A98296671BB1F5E600DD478C /* OSX */,
			);
		};
/* End PBXProject section */

/* Begin PBXResourcesBuildPhase section */
		A98296661BB1F5E600DD478C /* Resources */ = {
			isa = PBXResourcesBuildPhase;
			buildActionMask = 2147483647;
			files = (
				A94370A71BB6384B002521F7 /* GattUUIDs.plist in Resources */,
				A949AA641C5AC8C3002F960B /* Main.storyboard in Resources */,
				A949AA611C5AC85A002F960B /* Images.xcassets in Resources */,
				A98E03A51BBA406700F8924C /* DefaultPreferences.plist in Resources */,
				A98E03951BBA2A0300F8924C /* Credits.rtf in Resources */,
			);
			runOnlyForDeploymentPostprocessing = 0;
		};
/* End PBXResourcesBuildPhase section */

/* Begin PBXShellScriptBuildPhase section */
		083E58B38283EC890DB4EF13 /* Copy Pods Resources */ = {
			isa = PBXShellScriptBuildPhase;
			buildActionMask = 2147483647;
			files = (
			);
			inputPaths = (
			);
			name = "Copy Pods Resources";
			outputPaths = (
			);
			runOnlyForDeploymentPostprocessing = 0;
			shellPath = /bin/sh;
			shellScript = "\"${SRCROOT}/Pods/Target Support Files/Pods/Pods-resources.sh\"\n";
			showEnvVarsInLog = 0;
		};
		BD5D4B202D77F7878B15C4F4 /* Embed Pods Frameworks */ = {
			isa = PBXShellScriptBuildPhase;
			buildActionMask = 2147483647;
			files = (
			);
			inputPaths = (
			);
			name = "Embed Pods Frameworks";
			outputPaths = (
			);
			runOnlyForDeploymentPostprocessing = 0;
			shellPath = /bin/sh;
			shellScript = "\"${SRCROOT}/Pods/Target Support Files/Pods/Pods-frameworks.sh\"\n";
			showEnvVarsInLog = 0;
		};
		F09A0C83824210CE82A41DBC /* Check Pods Manifest.lock */ = {
			isa = PBXShellScriptBuildPhase;
			buildActionMask = 2147483647;
			files = (
			);
			inputPaths = (
			);
			name = "Check Pods Manifest.lock";
			outputPaths = (
			);
			runOnlyForDeploymentPostprocessing = 0;
			shellPath = /bin/sh;
			shellScript = "diff \"${PODS_ROOT}/../Podfile.lock\" \"${PODS_ROOT}/Manifest.lock\" > /dev/null\nif [[ $? != 0 ]] ; then\n    cat << EOM\nerror: The sandbox is not in sync with the Podfile.lock. Run 'pod install' or update your CocoaPods installation.\nEOM\n    exit 1\nfi\n";
			showEnvVarsInLog = 0;
		};
/* End PBXShellScriptBuildPhase section */

/* Begin PBXSourcesBuildPhase section */
		A98296641BB1F5E600DD478C /* Sources */ = {
			isa = PBXSourcesBuildPhase;
			buildActionMask = 2147483647;
			files = (
				A949AA7C1C5AC977002F960B /* PeripheralListViewController.swift in Sources */,
				A94370D01BB64959002521F7 /* DFUOperations.m in Sources */,
				A94370CF1BB64959002521F7 /* BLEOperations.m in Sources */,
				A94370D31BB64959002521F7 /* IntelHex2BinConverter.m in Sources */,
				A98E03A31BBA3EEE00F8924C /* Preferences.swift in Sources */,
				A9A2FF811C3EEA6B0039D188 /* MqttSettings.swift in Sources */,
				A94B85131BB65C71007B88C7 /* ReleasesParser.m in Sources */,
				A9A2FF831C3EEA9D0039D188 /* MqttManager.swift in Sources */,
				A94370D21BB64959002521F7 /* FileOperations.m in Sources */,
				A94370D71BB649AE002521F7 /* Utility.m in Sources */,
				A94370D11BB64959002521F7 /* DFUOperationsDetails.m in Sources */,
				A949AA7E1C5AC977002F960B /* PreferencesViewController.swift in Sources */,
				A94370BB1BB6493A002521F7 /* BlePeripheral.swift in Sources */,
				A949AA761C5AC977002F960B /* DetailsViewController.swift in Sources */,
				A949AA811C5AC977002F960B /* UpdateDialogViewController.swift in Sources */,
				A949AA671C5AC912002F960B /* AppDelegate.swift in Sources */,
				A9A2FF851C3EEBCE0039D188 /* RssiUI.swift in Sources */,
				A98AE3AD1C42AB5000FA8E80 /* UartDataExport.swift in Sources */,
				A982968B1BB222D700DD478C /* LogHelper.swift in Sources */,
				A9FE75731BB9CF1000F7A5BF /* XMLDictionary.m in Sources */,
				A94B85101BB65C48007B88C7 /* FirmwareUpdater.m in Sources */,
				A949AA801C5AC977002F960B /* UartViewController.swift in Sources */,
				A949AA7D1C5AC977002F960B /* PeripheralTableCellView.swift in Sources */,
				A949AA7B1C5AC977002F960B /* NeopixelViewController.swift in Sources */,
				A92BA69C1BBDBC210093F701 /* StatusManager.swift in Sources */,
				A98AE3AF1C42ABF300FA8E80 /* UartDataChunk.swift in Sources */,
				A949AA771C5AC977002F960B /* FirmwareUpdateViewController.swift in Sources */,
				A94370BA1BB6493A002521F7 /* BleManager.swift in Sources */,
				A949AA7A1C5AC977002F960B /* MainWindowController.swift in Sources */,
				A949AA781C5AC977002F960B /* InfoViewController.swift in Sources */,
				A9A842411BD1276C003B925A /* SeparatorView.swift in Sources */,
				A94B851E1BB704BC007B88C7 /* HexConversions.swift in Sources */,
				A9BDC6FE1BBCC65A00766400 /* NSColor+hex.m in Sources */,
				A949AA7F1C5AC977002F960B /* StatusViewController.swift in Sources */,
				A949AA791C5AC977002F960B /* MainSplitViewController.swift in Sources */,
			);
			runOnlyForDeploymentPostprocessing = 0;
		};
/* End PBXSourcesBuildPhase section */

/* Begin PBXVariantGroup section */
		A949AA621C5AC8C3002F960B /* Main.storyboard */ = {
			isa = PBXVariantGroup;
			children = (
				A949AA631C5AC8C3002F960B /* Base */,
			);
			name = Main.storyboard;
			sourceTree = "<group>";
		};
/* End PBXVariantGroup section */

/* Begin XCBuildConfiguration section */
		A98296751BB1F5E600DD478C /* Debug */ = {
			isa = XCBuildConfiguration;
			buildSettings = {
				ALWAYS_SEARCH_USER_PATHS = NO;
				CLANG_CXX_LANGUAGE_STANDARD = "gnu++0x";
				CLANG_CXX_LIBRARY = "libc++";
				CLANG_ENABLE_MODULES = YES;
				CLANG_ENABLE_OBJC_ARC = YES;
				CLANG_WARN_BOOL_CONVERSION = YES;
				CLANG_WARN_CONSTANT_CONVERSION = YES;
				CLANG_WARN_DIRECT_OBJC_ISA_USAGE = YES_ERROR;
				CLANG_WARN_EMPTY_BODY = YES;
				CLANG_WARN_ENUM_CONVERSION = YES;
				CLANG_WARN_INT_CONVERSION = YES;
				CLANG_WARN_OBJC_ROOT_CLASS = YES_ERROR;
				CLANG_WARN_UNREACHABLE_CODE = YES;
				CLANG_WARN__DUPLICATE_METHOD_MATCH = YES;
				CODE_SIGN_IDENTITY = "-";
				COPY_PHASE_STRIP = NO;
				DEBUG_INFORMATION_FORMAT = dwarf;
				DEFINES_MODULE = NO;
				ENABLE_STRICT_OBJC_MSGSEND = YES;
				ENABLE_TESTABILITY = YES;
				GCC_C_LANGUAGE_STANDARD = gnu99;
				GCC_DYNAMIC_NO_PIC = NO;
				GCC_NO_COMMON_BLOCKS = YES;
				GCC_OPTIMIZATION_LEVEL = 0;
				GCC_PREPROCESSOR_DEFINITIONS = (
					"DEBUG=1",
					"$(inherited)",
				);
				GCC_WARN_64_TO_32_BIT_CONVERSION = YES;
				GCC_WARN_ABOUT_RETURN_TYPE = YES_ERROR;
				GCC_WARN_UNDECLARED_SELECTOR = YES;
				GCC_WARN_UNINITIALIZED_AUTOS = YES_AGGRESSIVE;
				GCC_WARN_UNUSED_FUNCTION = YES;
				GCC_WARN_UNUSED_VARIABLE = YES;
				MACOSX_DEPLOYMENT_TARGET = 10.11;
				MTL_ENABLE_DEBUG_INFO = YES;
				ONLY_ACTIVE_ARCH = YES;
				SDKROOT = macosx;
				SWIFT_OPTIMIZATION_LEVEL = "-Onone";
			};
			name = Debug;
		};
		A98296761BB1F5E600DD478C /* Release */ = {
			isa = XCBuildConfiguration;
			buildSettings = {
				ALWAYS_SEARCH_USER_PATHS = NO;
				CLANG_CXX_LANGUAGE_STANDARD = "gnu++0x";
				CLANG_CXX_LIBRARY = "libc++";
				CLANG_ENABLE_MODULES = YES;
				CLANG_ENABLE_OBJC_ARC = YES;
				CLANG_WARN_BOOL_CONVERSION = YES;
				CLANG_WARN_CONSTANT_CONVERSION = YES;
				CLANG_WARN_DIRECT_OBJC_ISA_USAGE = YES_ERROR;
				CLANG_WARN_EMPTY_BODY = YES;
				CLANG_WARN_ENUM_CONVERSION = YES;
				CLANG_WARN_INT_CONVERSION = YES;
				CLANG_WARN_OBJC_ROOT_CLASS = YES_ERROR;
				CLANG_WARN_UNREACHABLE_CODE = YES;
				CLANG_WARN__DUPLICATE_METHOD_MATCH = YES;
				CODE_SIGN_IDENTITY = "-";
				COPY_PHASE_STRIP = NO;
				DEBUG_INFORMATION_FORMAT = "dwarf-with-dsym";
				DEFINES_MODULE = NO;
				ENABLE_NS_ASSERTIONS = NO;
				ENABLE_STRICT_OBJC_MSGSEND = YES;
				GCC_C_LANGUAGE_STANDARD = gnu99;
				GCC_NO_COMMON_BLOCKS = YES;
				GCC_WARN_64_TO_32_BIT_CONVERSION = YES;
				GCC_WARN_ABOUT_RETURN_TYPE = YES_ERROR;
				GCC_WARN_UNDECLARED_SELECTOR = YES;
				GCC_WARN_UNINITIALIZED_AUTOS = YES_AGGRESSIVE;
				GCC_WARN_UNUSED_FUNCTION = YES;
				GCC_WARN_UNUSED_VARIABLE = YES;
				MACOSX_DEPLOYMENT_TARGET = 10.11;
				MTL_ENABLE_DEBUG_INFO = NO;
				SDKROOT = macosx;
			};
			name = Release;
		};
		A98296781BB1F5E600DD478C /* Debug */ = {
			isa = XCBuildConfiguration;
			baseConfigurationReference = 66672FBC2FCB5263B85D6D8E /* Pods.debug.xcconfig */;
			buildSettings = {
				ASSETCATALOG_COMPILER_APPICON_NAME = AppIcon;
				COMBINE_HIDPI_IMAGES = YES;
				DEFINES_MODULE = YES;
				INFOPLIST_FILE = "$(SRCROOT)/bluefruitconnect/Platform/OSX/Info.plist";
				LD_RUNPATH_SEARCH_PATHS = "$(inherited) @executable_path/../Frameworks";
				MACOSX_DEPLOYMENT_TARGET = 10.10;
				OTHER_SWIFT_FLAGS = "\"-D\" \"DEBUG\" $(inherited)";
				PRODUCT_BUNDLE_IDENTIFIER = "adafruit.Bluefruit-Buddy";
				PRODUCT_NAME = "Bluefruit Connect";
				SWIFT_OBJC_BRIDGING_HEADER = "bluefruitconnect/Platform/OSX/BluefruitConnect-Bridging-Header.h";
			};
			name = Debug;
		};
		A98296791BB1F5E600DD478C /* Release */ = {
			isa = XCBuildConfiguration;
			baseConfigurationReference = C5A11F7B19B242E6BDABE5EA /* Pods.release.xcconfig */;
			buildSettings = {
				ASSETCATALOG_COMPILER_APPICON_NAME = AppIcon;
				COMBINE_HIDPI_IMAGES = YES;
				DEFINES_MODULE = YES;
				INFOPLIST_FILE = "$(SRCROOT)/bluefruitconnect/Platform/OSX/Info.plist";
				LD_RUNPATH_SEARCH_PATHS = "$(inherited) @executable_path/../Frameworks";
				MACOSX_DEPLOYMENT_TARGET = 10.10;
				OTHER_SWIFT_FLAGS = "$(inherited)";
				PRODUCT_BUNDLE_IDENTIFIER = "adafruit.Bluefruit-Buddy";
				PRODUCT_NAME = "Bluefruit Connect";
				SWIFT_OBJC_BRIDGING_HEADER = "bluefruitconnect/Platform/OSX/BluefruitConnect-Bridging-Header.h";
			};
			name = Release;
		};
/* End XCBuildConfiguration section */

/* Begin XCConfigurationList section */
		A98296631BB1F5E600DD478C /* Build configuration list for PBXProject "Bluefruit Connect" */ = {
			isa = XCConfigurationList;
			buildConfigurations = (
				A98296751BB1F5E600DD478C /* Debug */,
				A98296761BB1F5E600DD478C /* Release */,
			);
			defaultConfigurationIsVisible = 0;
			defaultConfigurationName = Release;
		};
		A98296771BB1F5E600DD478C /* Build configuration list for PBXNativeTarget "OSX" */ = {
			isa = XCConfigurationList;
			buildConfigurations = (
				A98296781BB1F5E600DD478C /* Debug */,
				A98296791BB1F5E600DD478C /* Release */,
			);
			defaultConfigurationIsVisible = 0;
			defaultConfigurationName = Release;
		};
/* End XCConfigurationList section */
	};
	rootObject = A98296601BB1F5E600DD478C /* Project object */;
}
