PODS:
  - Charts (3.0.1):
    - Charts/Core (= 3.0.1)
  - Charts/Core (3.0.1)
  - CocoaAsyncSocket (7.5.1):
    - CocoaAsyncSocket/GCD (= 7.5.1)
  - CocoaAsyncSocket/GCD (7.5.1)
  - CocoaMQTT (1.0.11):
    - CocoaAsyncSocket (~> 7.5.1)
    - MSWeakTimer (~> 1.1.0)
  - iOS-color-wheel (0.1)
  - iOSDFULibrary (3.0.6):
    - Zip (~> 0.6)
  - MSWeakTimer (1.1.0)
  - SwiftyXML (1.1.0)
  - UIColor+Hex (1.0.1):
    - UIColor+Hex/NSColor (= 1.0.1)
    - UIColor+Hex/UIColor (= 1.0.1)
  - UIColor+Hex/UIColor (1.0.1)
  - Zip (0.7.0)

DEPENDENCIES:
  - Charts (~> 3.0.1)
  - CocoaMQTT (~> 1.0.11)
  - iOS-color-wheel
  - iOSDFULibrary
  - SwiftyXML (~> 1.1.0)
  - UIColor+Hex (~> 1.0.1)

SPEC CHECKSUMS:
  Charts: 0e84f4418e87dad6a9edde221fba37ebb51d3ba7
  CocoaAsyncSocket: e0a7e93b2ffa411592ff87e58524fbbc9b95b4fa
  CocoaMQTT: 41a67eab08a8c8aa3c0be6f55ef2f4ace197f193
  iOS-color-wheel: 60d441600bd62d58250a915719b84ed89283ce95
  iOSDFULibrary: e9f7838a54eed84228669c7739d8d7ed98d3da31
  MSWeakTimer: 9426150f933b80ed3acf3f6d228e4b61f0e303c8
  SwiftyXML: 3054a135ca252ef97991cd264aa698a41ef854c3
  UIColor+Hex: 9fee91bb8e19f17dd40a79ae1e98949a6a84489d
  Zip: e34513299ac38c0686d5b24504da7ce343799ab9

PODFILE CHECKSUM: 0fefa7855f192a6111710aa95603416ea25e34d0

COCOAPODS: 1.2.0
