// !$*UTF8*$!
{
	archiveVersion = 1;
	classes = {
	};
	objectVersion = 46;
	objects = {

/* Begin PBXBuildFile section */
		A9286C9A1E3A9216008E5F81 /* AppDelegate.swift in Sources */ = {isa = PBXBuildFile; fileRef = A9286C991E3A9216008E5F81 /* AppDelegate.swift */; };
		A9286C9C1E3A9216008E5F81 /* ViewController.swift in Sources */ = {isa = PBXBuildFile; fileRef = A9286C9B1E3A9216008E5F81 /* ViewController.swift */; };
		A9286C9F1E3A9216008E5F81 /* Main.storyboard in Resources */ = {isa = PBXBuildFile; fileRef = A9286C9D1E3A9216008E5F81 /* Main.storyboard */; };
		A9286CA11E3A9216008E5F81 /* Assets.xcassets in Resources */ = {isa = PBXBuildFile; fileRef = A9286CA01E3A9216008E5F81 /* Assets.xcassets */; };
		A9286CA41E3A9216008E5F81 /* LaunchScreen.storyboard in Resources */ = {isa = PBXBuildFile; fileRef = A9286CA21E3A9216008E5F81 /* LaunchScreen.storyboard */; };
/* End PBXBuildFile section */

/* Begin PBXFileReference section */
		A9286C961E3A9216008E5F81 /* Bluefruit.app */ = {isa = PBXFileReference; explicitFileType = wrapper.application; includeInIndex = 0; path = Bluefruit.app; sourceTree = BUILT_PRODUCTS_DIR; };
		A9286C991E3A9216008E5F81 /* AppDelegate.swift */ = {isa = PBXFileReference; lastKnownFileType = sourcecode.swift; path = AppDelegate.swift; sourceTree = "<group>"; };
		A9286C9B1E3A9216008E5F81 /* ViewController.swift */ = {isa = PBXFileReference; lastKnownFileType = sourcecode.swift; path = ViewController.swift; sourceTree = "<group>"; };
		A9286C9E1E3A9216008E5F81 /* Base */ = {isa = PBXFileReference; lastKnownFileType = file.storyboard; name = Base; path = Base.lproj/Main.storyboard; sourceTree = "<group>"; };
		A9286CA01E3A9216008E5F81 /* Assets.xcassets */ = {isa = PBXFileReference; lastKnownFileType = folder.assetcatalog; path = Assets.xcassets; sourceTree = "<group>"; };
		A9286CA31E3A9216008E5F81 /* Base */ = {isa = PBXFileReference; lastKnownFileType = file.storyboard; name = Base; path = Base.lproj/LaunchScreen.storyboard; sourceTree = "<group>"; };
		A9286CA51E3A9216008E5F81 /* Info.plist */ = {isa = PBXFileReference; lastKnownFileType = text.plist.xml; path = Info.plist; sourceTree = "<group>"; };
/* End PBXFileReference section */

/* Begin PBXFrameworksBuildPhase section */
		A9286C931E3A9216008E5F81 /* Frameworks */ = {
			isa = PBXFrameworksBuildPhase;
			buildActionMask = 2147483647;
			files = (
			);
			runOnlyForDeploymentPostprocessing = 0;
		};
/* End PBXFrameworksBuildPhase section */

/* Begin PBXGroup section */
		A9286C8D1E3A9216008E5F81 = {
			isa = PBXGroup;
			children = (
				A9286C981E3A9216008E5F81 /* Bluefruit */,
				A9286C971E3A9216008E5F81 /* Products */,
			);
			sourceTree = "<group>";
		};
		A9286C971E3A9216008E5F81 /* Products */ = {
			isa = PBXGroup;
			children = (
				A9286C961E3A9216008E5F81 /* Bluefruit.app */,
			);
			name = Products;
			sourceTree = "<group>";
		};
		A9286C981E3A9216008E5F81 /* Bluefruit */ = {
			isa = PBXGroup;
			children = (
				A9286C991E3A9216008E5F81 /* AppDelegate.swift */,
				A9286C9B1E3A9216008E5F81 /* ViewController.swift */,
				A9286C9D1E3A9216008E5F81 /* Main.storyboard */,
				A9286CA01E3A9216008E5F81 /* Assets.xcassets */,
				A9286CA21E3A9216008E5F81 /* LaunchScreen.storyboard */,
				A9286CA51E3A9216008E5F81 /* Info.plist */,
			);
			path = Bluefruit;
			sourceTree = "<group>";
		};
/* End PBXGroup section */

/* Begin PBXNativeTarget section */
		A9286C951E3A9216008E5F81 /* Bluefruit */ = {
			isa = PBXNativeTarget;
			buildConfigurationList = A9286CA81E3A9216008E5F81 /* Build configuration list for PBXNativeTarget "Bluefruit" */;
			buildPhases = (
				A9286C921E3A9216008E5F81 /* Sources */,
				A9286C931E3A9216008E5F81 /* Frameworks */,
				A9286C941E3A9216008E5F81 /* Resources */,
			);
			buildRules = (
			);
			dependencies = (
			);
			name = Bluefruit;
			productName = Bluefruit;
			productReference = A9286C961E3A9216008E5F81 /* Bluefruit.app */;
			productType = "com.apple.product-type.application";
		};
/* End PBXNativeTarget section */

/* Begin PBXProject section */
		A9286C8E1E3A9216008E5F81 /* Project object */ = {
			isa = PBXProject;
			attributes = {
				LastSwiftUpdateCheck = 0820;
				LastUpgradeCheck = 0820;
				ORGANIZATIONNAME = Adafruit;
				TargetAttributes = {
					A9286C951E3A9216008E5F81 = {
						CreatedOnToolsVersion = 8.2.1;
						DevelopmentTeam = 2X94RM7457;
						ProvisioningStyle = Automatic;
					};
				};
			};
			buildConfigurationList = A9286C911E3A9216008E5F81 /* Build configuration list for PBXProject "Bluefruit" */;
			compatibilityVersion = "Xcode 3.2";
			developmentRegion = English;
			hasScannedForEncodings = 0;
			knownRegions = (
				en,
				Base,
			);
			mainGroup = A9286C8D1E3A9216008E5F81;
			productRefGroup = A9286C971E3A9216008E5F81 /* Products */;
			projectDirPath = "";
			projectRoot = "";
			targets = (
				A9286C951E3A9216008E5F81 /* Bluefruit */,
			);
		};
/* End PBXProject section */

/* Begin PBXResourcesBuildPhase section */
		A9286C941E3A9216008E5F81 /* Resources */ = {
			isa = PBXResourcesBuildPhase;
			buildActionMask = 2147483647;
			files = (
				A9286CA41E3A9216008E5F81 /* LaunchScreen.storyboard in Resources */,
				A9286CA11E3A9216008E5F81 /* Assets.xcassets in Resources */,
				A9286C9F1E3A9216008E5F81 /* Main.storyboard in Resources */,
			);
			runOnlyForDeploymentPostprocessing = 0;
		};
/* End PBXResourcesBuildPhase section */

/* Begin PBXSourcesBuildPhase section */
		A9286C921E3A9216008E5F81 /* Sources */ = {
			isa = PBXSourcesBuildPhase;
			buildActionMask = 2147483647;
			files = (
				A9286C9C1E3A9216008E5F81 /* ViewController.swift in Sources */,
				A9286C9A1E3A9216008E5F81 /* AppDelegate.swift in Sources */,
			);
			runOnlyForDeploymentPostprocessing = 0;
		};
/* End PBXSourcesBuildPhase section */

/* Begin PBXVariantGroup section */
		A9286C9D1E3A9216008E5F81 /* Main.storyboard */ = {
			isa = PBXVariantGroup;
			children = (
				A9286C9E1E3A9216008E5F81 /* Base */,
			);
			name = Main.storyboard;
			sourceTree = "<group>";
		};
		A9286CA21E3A9216008E5F81 /* LaunchScreen.storyboard */ = {
			isa = PBXVariantGroup;
			children = (
				A9286CA31E3A9216008E5F81 /* Base */,
			);
			name = LaunchScreen.storyboard;
			sourceTree = "<group>";
		};
/* End PBXVariantGroup section */

/* Begin XCBuildConfiguration section */
		A9286CA61E3A9216008E5F81 /* Debug */ = {
			isa = XCBuildConfiguration;
			buildSettings = {
				ALWAYS_SEARCH_USER_PATHS = NO;
				CLANG_ANALYZER_NONNULL = YES;
				CLANG_CXX_LANGUAGE_STANDARD = "gnu++0x";
				CLANG_CXX_LIBRARY = "libc++";
				CLANG_ENABLE_MODULES = YES;
				CLANG_ENABLE_OBJC_ARC = YES;
				CLANG_WARN_BOOL_CONVERSION = YES;
				CLANG_WARN_CONSTANT_CONVERSION = YES;
				CLANG_WARN_DIRECT_OBJC_ISA_USAGE = YES_ERROR;
				CLANG_WARN_DOCUMENTATION_COMMENTS = YES;
				CLANG_WARN_EMPTY_BODY = YES;
				CLANG_WARN_ENUM_CONVERSION = YES;
				CLANG_WARN_INFINITE_RECURSION = YES;
				CLANG_WARN_INT_CONVERSION = YES;
				CLANG_WARN_OBJC_ROOT_CLASS = YES_ERROR;
				CLANG_WARN_SUSPICIOUS_MOVE = YES;
				CLANG_WARN_UNREACHABLE_CODE = YES;
				CLANG_WARN__DUPLICATE_METHOD_MATCH = YES;
				"CODE_SIGN_IDENTITY[sdk=iphoneos*]" = "iPhone Developer";
				COPY_PHASE_STRIP = NO;
				DEBUG_INFORMATION_FORMAT = dwarf;
				ENABLE_STRICT_OBJC_MSGSEND = YES;
				ENABLE_TESTABILITY = YES;
				GCC_C_LANGUAGE_STANDARD = gnu99;
				GCC_DYNAMIC_NO_PIC = NO;
				GCC_NO_COMMON_BLOCKS = YES;
				GCC_OPTIMIZATION_LEVEL = 0;
				GCC_PREPROCESSOR_DEFINITIONS = (
					"DEBUG=1",
					"$(inherited)",
				);
				GCC_WARN_64_TO_32_BIT_CONVERSION = YES;
				GCC_WARN_ABOUT_RETURN_TYPE = YES_ERROR;
				GCC_WARN_UNDECLARED_SELECTOR = YES;
				GCC_WARN_UNINITIALIZED_AUTOS = YES_AGGRESSIVE;
				GCC_WARN_UNUSED_FUNCTION = YES;
				GCC_WARN_UNUSED_VARIABLE = YES;
				IPHONEOS_DEPLOYMENT_TARGET = 10.2;
				MTL_ENABLE_DEBUG_INFO = YES;
				ONLY_ACTIVE_ARCH = YES;
				SDKROOT = iphoneos;
				SWIFT_ACTIVE_COMPILATION_CONDITIONS = DEBUG;
				SWIFT_OPTIMIZATION_LEVEL = "-Onone";
				TARGETED_DEVICE_FAMILY = "1,2";
			};
			name = Debug;
		};
		A9286CA71E3A9216008E5F81 /* Release */ = {
			isa = XCBuildConfiguration;
			buildSettings = {
				ALWAYS_SEARCH_USER_PATHS = NO;
				CLANG_ANALYZER_NONNULL = YES;
				CLANG_CXX_LANGUAGE_STANDARD = "gnu++0x";
				CLANG_CXX_LIBRARY = "libc++";
				CLANG_ENABLE_MODULES = YES;
				CLANG_ENABLE_OBJC_ARC = YES;
				CLANG_WARN_BOOL_CONVERSION = YES;
				CLANG_WARN_CONSTANT_CONVERSION = YES;
				CLANG_WARN_DIRECT_OBJC_ISA_USAGE = YES_ERROR;
				CLANG_WARN_DOCUMENTATION_COMMENTS = YES;
				CLANG_WARN_EMPTY_BODY = YES;
				CLANG_WARN_ENUM_CONVERSION = YES;
				CLANG_WARN_INFINITE_RECURSION = YES;
				CLANG_WARN_INT_CONVERSION = YES;
				CLANG_WARN_OBJC_ROOT_CLASS = YES_ERROR;
				CLANG_WARN_SUSPICIOUS_MOVE = YES;
				CLANG_WARN_UNREACHABLE_CODE = YES;
				CLANG_WARN__DUPLICATE_METHOD_MATCH = YES;
				"CODE_SIGN_IDENTITY[sdk=iphoneos*]" = "iPhone Developer";
				COPY_PHASE_STRIP = NO;
				DEBUG_INFORMATION_FORMAT = "dwarf-with-dsym";
				ENABLE_NS_ASSERTIONS = NO;
				ENABLE_STRICT_OBJC_MSGSEND = YES;
				GCC_C_LANGUAGE_STANDARD = gnu99;
				GCC_NO_COMMON_BLOCKS = YES;
				GCC_WARN_64_TO_32_BIT_CONVERSION = YES;
				GCC_WARN_ABOUT_RETURN_TYPE = YES_ERROR;
				GCC_WARN_UNDECLARED_SELECTOR = YES;
				GCC_WARN_UNINITIALIZED_AUTOS = YES_AGGRESSIVE;
				GCC_WARN_UNUSED_FUNCTION = YES;
				GCC_WARN_UNUSED_VARIABLE = YES;
				IPHONEOS_DEPLOYMENT_TARGET = 10.2;
				MTL_ENABLE_DEBUG_INFO = NO;
				SDKROOT = iphoneos;
				SWIFT_OPTIMIZATION_LEVEL = "-Owholemodule";
				TARGETED_DEVICE_FAMILY = "1,2";
				VALIDATE_PRODUCT = YES;
			};
			name = Release;
		};
		A9286CA91E3A9216008E5F81 /* Debug */ = {
			isa = XCBuildConfiguration;
			buildSettings = {
				ASSETCATALOG_COMPILER_APPICON_NAME = AppIcon;
				DEVELOPMENT_TEAM = 2X94RM7457;
				INFOPLIST_FILE = Bluefruit/Info.plist;
				LD_RUNPATH_SEARCH_PATHS = "$(inherited) @executable_path/Frameworks";
				PRODUCT_BUNDLE_IDENTIFIER = com.adafruit.Bluefruit;
				PRODUCT_NAME = "$(TARGET_NAME)";
				SWIFT_VERSION = 3.0;
			};
			name = Debug;
		};
		A9286CAA1E3A9216008E5F81 /* Release */ = {
			isa = XCBuildConfiguration;
			buildSettings = {
				ASSETCATALOG_COMPILER_APPICON_NAME = AppIcon;
				DEVELOPMENT_TEAM = 2X94RM7457;
				INFOPLIST_FILE = Bluefruit/Info.plist;
				LD_RUNPATH_SEARCH_PATHS = "$(inherited) @executable_path/Frameworks";
				PRODUCT_BUNDLE_IDENTIFIER = com.adafruit.Bluefruit;
				PRODUCT_NAME = "$(TARGET_NAME)";
				SWIFT_VERSION = 3.0;
			};
			name = Release;
		};
/* End XCBuildConfiguration section */

/* Begin XCConfigurationList section */
		A9286C911E3A9216008E5F81 /* Build configuration list for PBXProject "Bluefruit" */ = {
			isa = XCConfigurationList;
			buildConfigurations = (
				A9286CA61E3A9216008E5F81 /* Debug */,
				A9286CA71E3A9216008E5F81 /* Release */,
			);
			defaultConfigurationIsVisible = 0;
			defaultConfigurationName = Release;
		};
		A9286CA81E3A9216008E5F81 /* Build configuration list for PBXNativeTarget "Bluefruit" */ = {
			isa = XCConfigurationList;
			buildConfigurations = (
				A9286CA91E3A9216008E5F81 /* Debug */,
				A9286CAA1E3A9216008E5F81 /* Release */,
			);
			defaultConfigurationIsVisible = 0;
		};
/* End XCConfigurationList section */
	};
	rootObject = A9286C8E1E3A9216008E5F81 /* Project object */;
}
