// !$*UTF8*$!
{
	archiveVersion = 1;
	classes = {
	};
	objectVersion = 46;
	objects = {

/* Begin PBXBuildFile section */
		7F561AC36AACA889C7D12E14 /* Pods_iOS.framework in Frameworks */ = {isa = PBXBuildFile; fileRef = 28950E0836DF706F3BBCAA8A /* Pods_iOS.framework */; };
		A9286CB41E3A931E008E5F81 /* AppDelegate.swift in Sources */ = {isa = PBXBuildFile; fileRef = A9286CAD1E3A931E008E5F81 /* AppDelegate.swift */; };
		A9286CB51E3A931E008E5F81 /* Assets.xcassets in Resources */ = {isa = PBXBuildFile; fileRef = A9286CAE1E3A931E008E5F81 /* Assets.xcassets */; };
		A9286CB61E3A931E008E5F81 /* LaunchScreen.storyboard in Resources */ = {isa = PBXBuildFile; fileRef = A9286CAF1E3A931E008E5F81 /* LaunchScreen.storyboard */; };
		A9286CB71E3A931E008E5F81 /* Main.storyboard in Resources */ = {isa = PBXBuildFile; fileRef = A9286CB11E3A931E008E5F81 /* Main.storyboard */; };
		A9286CCF1E3A9B22008E5F81 /* BleManager.swift in Sources */ = {isa = PBXBuildFile; fileRef = A9286CC11E3A9B22008E5F81 /* BleManager.swift */; };
		A9286CD11E3A9B22008E5F81 /* BlePeripheral+Uart.swift in Sources */ = {isa = PBXBuildFile; fileRef = A9286CC31E3A9B22008E5F81 /* BlePeripheral+Uart.swift */; };
		A9286CD21E3A9B22008E5F81 /* BlePeripheral.swift in Sources */ = {isa = PBXBuildFile; fileRef = A9286CC41E3A9B22008E5F81 /* BlePeripheral.swift */; };
		A9286CD41E3A9B22008E5F81 /* UartLogManager.swift in Sources */ = {isa = PBXBuildFile; fileRef = A9286CC61E3A9B22008E5F81 /* UartLogManager.swift */; };
		A9286CD51E3A9B22008E5F81 /* UartManager.swift in Sources */ = {isa = PBXBuildFile; fileRef = A9286CC71E3A9B22008E5F81 /* UartManager.swift */; };
		A9286CD61E3A9B22008E5F81 /* AlertUtils.swift in Sources */ = {isa = PBXBuildFile; fileRef = A9286CC91E3A9B22008E5F81 /* AlertUtils.swift */; };
		A9286CD71E3A9B22008E5F81 /* CommandQueue.swift in Sources */ = {isa = PBXBuildFile; fileRef = A9286CCA1E3A9B22008E5F81 /* CommandQueue.swift */; };
		A9286CD81E3A9B22008E5F81 /* Data+ScanValue.swift in Sources */ = {isa = PBXBuildFile; fileRef = A9286CCB1E3A9B22008E5F81 /* Data+ScanValue.swift */; };
		A9286CD91E3A9B22008E5F81 /* DataConversions.swift in Sources */ = {isa = PBXBuildFile; fileRef = A9286CCC1E3A9B22008E5F81 /* DataConversions.swift */; };
		A9286CDA1E3A9B22008E5F81 /* LogHelper.swift in Sources */ = {isa = PBXBuildFile; fileRef = A9286CCD1E3A9B22008E5F81 /* LogHelper.swift */; };
		A9286CDB1E3A9B22008E5F81 /* Preferences.swift in Sources */ = {isa = PBXBuildFile; fileRef = A9286CCE1E3A9B22008E5F81 /* Preferences.swift */; };
		A9286CDE1E3A9C98008E5F81 /* CocoaCompatibility.swift in Sources */ = {isa = PBXBuildFile; fileRef = A9286CDD1E3A9C98008E5F81 /* CocoaCompatibility.swift */; };
		A969466C1E3CD0CC00BA8DAA /* IntrinsicSizeWithInsetsButton.swift in Sources */ = {isa = PBXBuildFile; fileRef = A969466A1E3CD0CC00BA8DAA /* IntrinsicSizeWithInsetsButton.swift */; };
		A969466D1E3CD0CC00BA8DAA /* StyledButton.swift in Sources */ = {isa = PBXBuildFile; fileRef = A969466B1E3CD0CC00BA8DAA /* StyledButton.swift */; };
		A969466F1E3CD0F600BA8DAA /* StyledSubview.swift in Sources */ = {isa = PBXBuildFile; fileRef = A969466E1E3CD0F600BA8DAA /* StyledSubview.swift */; };
		A96946711E3D02F300BA8DAA /* BleUUIDNames.swift in Sources */ = {isa = PBXBuildFile; fileRef = A96946701E3D02F300BA8DAA /* BleUUIDNames.swift */; };
		A99339751E3CC14B00CCA83D /* ReleasesParser.swift in Sources */ = {isa = PBXBuildFile; fileRef = A99339741E3CC14B00CCA83D /* ReleasesParser.swift */; };
		A9D2342C1E3AD64500DC0C99 /* Credits.rtf in Resources */ = {isa = PBXBuildFile; fileRef = A9D234231E3AD64500DC0C99 /* Credits.rtf */; };
		A9D2342D1E3AD64500DC0C99 /* DefaultPreferences.plist in Resources */ = {isa = PBXBuildFile; fileRef = A9D234241E3AD64500DC0C99 /* DefaultPreferences.plist */; };
		A9D2342E1E3AD64500DC0C99 /* GattUUIDs.plist in Resources */ = {isa = PBXBuildFile; fileRef = A9D234251E3AD64500DC0C99 /* GattUUIDs.plist */; };
		A9D2342F1E3AD64500DC0C99 /* Localizable.strings in Resources */ = {isa = PBXBuildFile; fileRef = A9D234271E3AD64500DC0C99 /* Localizable.strings */; };
		A9D234301E3AD64500DC0C99 /* NeopixelBoards.plist in Resources */ = {isa = PBXBuildFile; fileRef = A9D234291E3AD64500DC0C99 /* NeopixelBoards.plist */; };
		A9D234311E3AD64500DC0C99 /* NeopixelDefaultPalette.plist in Resources */ = {isa = PBXBuildFile; fileRef = A9D2342A1E3AD64500DC0C99 /* NeopixelDefaultPalette.plist */; };
		A9D234321E3AD64500DC0C99 /* NeopixelTypes.plist in Resources */ = {isa = PBXBuildFile; fileRef = A9D2342B1E3AD64500DC0C99 /* NeopixelTypes.plist */; };
		A9D234391E3AD70300DC0C99 /* AboutViewController.swift in Sources */ = {isa = PBXBuildFile; fileRef = A9D234341E3AD70300DC0C99 /* AboutViewController.swift */; };
		A9D2343A1E3AD70300DC0C99 /* FilterTextSettingsViewController.swift in Sources */ = {isa = PBXBuildFile; fileRef = A9D234351E3AD70300DC0C99 /* FilterTextSettingsViewController.swift */; };
		A9D2343C1E3AD70300DC0C99 /* PeripheralTableViewCell.swift in Sources */ = {isa = PBXBuildFile; fileRef = A9D234371E3AD70300DC0C99 /* PeripheralTableViewCell.swift */; };
		A9D2343D1E3AD70300DC0C99 /* ScannerViewController.swift in Sources */ = {isa = PBXBuildFile; fileRef = A9D234381E3AD70300DC0C99 /* ScannerViewController.swift */; };
		A9D234401E3AD75800DC0C99 /* PeripheralList.swift in Sources */ = {isa = PBXBuildFile; fileRef = A9D2343F1E3AD75800DC0C99 /* PeripheralList.swift */; };
		A9D234421E3AD81D00DC0C99 /* RssiUI.swift in Sources */ = {isa = PBXBuildFile; fileRef = A9D234411E3AD81D00DC0C99 /* RssiUI.swift */; };
		A9D2344D1E3AD97600DC0C99 /* StyleConfig.swift in Sources */ = {isa = PBXBuildFile; fileRef = A9D2344C1E3AD97600DC0C99 /* StyleConfig.swift */; };
		A9D2344F1E3AD98500DC0C99 /* EmptyDetailsViewController.swift in Sources */ = {isa = PBXBuildFile; fileRef = A9D2344E1E3AD98500DC0C99 /* EmptyDetailsViewController.swift */; };
		A9D234551E3AD9A200DC0C99 /* ModuleViewController.swift in Sources */ = {isa = PBXBuildFile; fileRef = A9D234511E3AD9A200DC0C99 /* ModuleViewController.swift */; };
		A9D234561E3AD9A200DC0C99 /* PeripheralDetailsCollectionViewCell.swift in Sources */ = {isa = PBXBuildFile; fileRef = A9D234521E3AD9A200DC0C99 /* PeripheralDetailsCollectionViewCell.swift */; };
		A9D234571E3AD9A200DC0C99 /* PeripheralDetailsViewController.swift in Sources */ = {isa = PBXBuildFile; fileRef = A9D234531E3AD9A200DC0C99 /* PeripheralDetailsViewController.swift */; };
		A9D234581E3AD9A200DC0C99 /* ScrollingTabBarViewController.swift in Sources */ = {isa = PBXBuildFile; fileRef = A9D234541E3AD9A200DC0C99 /* ScrollingTabBarViewController.swift */; };
		A9D2345A1E3ADDEF00DC0C99 /* ScanningAnimationViewController.swift in Sources */ = {isa = PBXBuildFile; fileRef = A9D234591E3ADDEF00DC0C99 /* ScanningAnimationViewController.swift */; };
		A9D2345C1E3AE06D00DC0C99 /* LocalizationManager.swift in Sources */ = {isa = PBXBuildFile; fileRef = A9D2345B1E3AE06D00DC0C99 /* LocalizationManager.swift */; };
		A9D2345E1E3B49BA00DC0C99 /* DataDownloader.swift in Sources */ = {isa = PBXBuildFile; fileRef = A9D2345D1E3B49BA00DC0C99 /* DataDownloader.swift */; };
		A9D234611E3B4D1100DC0C99 /* FirmwareUpdater.swift in Sources */ = {isa = PBXBuildFile; fileRef = A9D234601E3B4D1100DC0C99 /* FirmwareUpdater.swift */; };
/* End PBXBuildFile section */

/* Begin PBXFileReference section */
		28950E0836DF706F3BBCAA8A /* Pods_iOS.framework */ = {isa = PBXFileReference; explicitFileType = wrapper.framework; includeInIndex = 0; path = Pods_iOS.framework; sourceTree = BUILT_PRODUCTS_DIR; };
		2F9569E2A21BA0A3C063393A /* Pods-iOS.release.xcconfig */ = {isa = PBXFileReference; includeInIndex = 1; lastKnownFileType = text.xcconfig; name = "Pods-iOS.release.xcconfig"; path = "Pods/Target Support Files/Pods-iOS/Pods-iOS.release.xcconfig"; sourceTree = "<group>"; };
		9FEC875F60CE881F27539E60 /* Pods-iOS.debug.xcconfig */ = {isa = PBXFileReference; includeInIndex = 1; lastKnownFileType = text.xcconfig; name = "Pods-iOS.debug.xcconfig"; path = "Pods/Target Support Files/Pods-iOS/Pods-iOS.debug.xcconfig"; sourceTree = "<group>"; };
		A9286C961E3A9216008E5F81 /* iOS.app */ = {isa = PBXFileReference; explicitFileType = wrapper.application; includeInIndex = 0; path = iOS.app; sourceTree = BUILT_PRODUCTS_DIR; };
		A9286CAD1E3A931E008E5F81 /* AppDelegate.swift */ = {isa = PBXFileReference; fileEncoding = 4; lastKnownFileType = sourcecode.swift; path = AppDelegate.swift; sourceTree = "<group>"; };
		A9286CAE1E3A931E008E5F81 /* Assets.xcassets */ = {isa = PBXFileReference; lastKnownFileType = folder.assetcatalog; path = Assets.xcassets; sourceTree = "<group>"; };
		A9286CB01E3A931E008E5F81 /* Base */ = {isa = PBXFileReference; lastKnownFileType = file.storyboard; name = Base; path = Base.lproj/LaunchScreen.storyboard; sourceTree = "<group>"; };
		A9286CB21E3A931E008E5F81 /* Base */ = {isa = PBXFileReference; lastKnownFileType = file.storyboard; name = Base; path = Base.lproj/Main.storyboard; sourceTree = "<group>"; };
		A9286CB31E3A931E008E5F81 /* Info.plist */ = {isa = PBXFileReference; fileEncoding = 4; lastKnownFileType = text.plist.xml; path = Info.plist; sourceTree = "<group>"; };
		A9286CBD1E3A947F008E5F81 /* Bluefruit.entitlements */ = {isa = PBXFileReference; lastKnownFileType = text.plist.entitlements; path = Bluefruit.entitlements; sourceTree = "<group>"; };
		A9286CC11E3A9B22008E5F81 /* BleManager.swift */ = {isa = PBXFileReference; fileEncoding = 4; lastKnownFileType = sourcecode.swift; path = BleManager.swift; sourceTree = "<group>"; };
		A9286CC31E3A9B22008E5F81 /* BlePeripheral+Uart.swift */ = {isa = PBXFileReference; fileEncoding = 4; lastKnownFileType = sourcecode.swift; path = "BlePeripheral+Uart.swift"; sourceTree = "<group>"; };
		A9286CC41E3A9B22008E5F81 /* BlePeripheral.swift */ = {isa = PBXFileReference; fileEncoding = 4; lastKnownFileType = sourcecode.swift; path = BlePeripheral.swift; sourceTree = "<group>"; };
		A9286CC61E3A9B22008E5F81 /* UartLogManager.swift */ = {isa = PBXFileReference; fileEncoding = 4; lastKnownFileType = sourcecode.swift; path = UartLogManager.swift; sourceTree = "<group>"; };
		A9286CC71E3A9B22008E5F81 /* UartManager.swift */ = {isa = PBXFileReference; fileEncoding = 4; lastKnownFileType = sourcecode.swift; path = UartManager.swift; sourceTree = "<group>"; };
		A9286CC91E3A9B22008E5F81 /* AlertUtils.swift */ = {isa = PBXFileReference; fileEncoding = 4; lastKnownFileType = sourcecode.swift; path = AlertUtils.swift; sourceTree = "<group>"; };
		A9286CCA1E3A9B22008E5F81 /* CommandQueue.swift */ = {isa = PBXFileReference; fileEncoding = 4; lastKnownFileType = sourcecode.swift; path = CommandQueue.swift; sourceTree = "<group>"; };
		A9286CCB1E3A9B22008E5F81 /* Data+ScanValue.swift */ = {isa = PBXFileReference; fileEncoding = 4; lastKnownFileType = sourcecode.swift; path = "Data+ScanValue.swift"; sourceTree = "<group>"; };
		A9286CCC1E3A9B22008E5F81 /* DataConversions.swift */ = {isa = PBXFileReference; fileEncoding = 4; lastKnownFileType = sourcecode.swift; path = DataConversions.swift; sourceTree = "<group>"; };
		A9286CCD1E3A9B22008E5F81 /* LogHelper.swift */ = {isa = PBXFileReference; fileEncoding = 4; lastKnownFileType = sourcecode.swift; path = LogHelper.swift; sourceTree = "<group>"; };
		A9286CCE1E3A9B22008E5F81 /* Preferences.swift */ = {isa = PBXFileReference; fileEncoding = 4; lastKnownFileType = sourcecode.swift; path = Preferences.swift; sourceTree = "<group>"; };
		A9286CDD1E3A9C98008E5F81 /* CocoaCompatibility.swift */ = {isa = PBXFileReference; fileEncoding = 4; lastKnownFileType = sourcecode.swift; path = CocoaCompatibility.swift; sourceTree = "<group>"; };
		A969466A1E3CD0CC00BA8DAA /* IntrinsicSizeWithInsetsButton.swift */ = {isa = PBXFileReference; fileEncoding = 4; lastKnownFileType = sourcecode.swift; path = IntrinsicSizeWithInsetsButton.swift; sourceTree = "<group>"; };
		A969466B1E3CD0CC00BA8DAA /* StyledButton.swift */ = {isa = PBXFileReference; fileEncoding = 4; lastKnownFileType = sourcecode.swift; path = StyledButton.swift; sourceTree = "<group>"; };
		A969466E1E3CD0F600BA8DAA /* StyledSubview.swift */ = {isa = PBXFileReference; fileEncoding = 4; lastKnownFileType = sourcecode.swift; path = StyledSubview.swift; sourceTree = "<group>"; };
		A96946701E3D02F300BA8DAA /* BleUUIDNames.swift */ = {isa = PBXFileReference; fileEncoding = 4; lastKnownFileType = sourcecode.swift; path = BleUUIDNames.swift; sourceTree = "<group>"; };
		A99339741E3CC14B00CCA83D /* ReleasesParser.swift */ = {isa = PBXFileReference; fileEncoding = 4; lastKnownFileType = sourcecode.swift; path = ReleasesParser.swift; sourceTree = "<group>"; };
		A9D234231E3AD64500DC0C99 /* Credits.rtf */ = {isa = PBXFileReference; fileEncoding = 4; lastKnownFileType = text.rtf; path = Credits.rtf; sourceTree = "<group>"; };
		A9D234241E3AD64500DC0C99 /* DefaultPreferences.plist */ = {isa = PBXFileReference; fileEncoding = 4; lastKnownFileType = text.plist.xml; path = DefaultPreferences.plist; sourceTree = "<group>"; };
		A9D234251E3AD64500DC0C99 /* GattUUIDs.plist */ = {isa = PBXFileReference; fileEncoding = 4; lastKnownFileType = text.plist.xml; path = GattUUIDs.plist; sourceTree = "<group>"; };
		A9D234281E3AD64500DC0C99 /* en */ = {isa = PBXFileReference; lastKnownFileType = text.plist.strings; name = en; path = en.lproj/Localizable.strings; sourceTree = "<group>"; };
		A9D234291E3AD64500DC0C99 /* NeopixelBoards.plist */ = {isa = PBXFileReference; fileEncoding = 4; lastKnownFileType = text.plist.xml; path = NeopixelBoards.plist; sourceTree = "<group>"; };
		A9D2342A1E3AD64500DC0C99 /* NeopixelDefaultPalette.plist */ = {isa = PBXFileReference; fileEncoding = 4; lastKnownFileType = text.plist.xml; path = NeopixelDefaultPalette.plist; sourceTree = "<group>"; };
		A9D2342B1E3AD64500DC0C99 /* NeopixelTypes.plist */ = {isa = PBXFileReference; fileEncoding = 4; lastKnownFileType = text.plist.xml; path = NeopixelTypes.plist; sourceTree = "<group>"; };
		A9D234341E3AD70300DC0C99 /* AboutViewController.swift */ = {isa = PBXFileReference; fileEncoding = 4; lastKnownFileType = sourcecode.swift; path = AboutViewController.swift; sourceTree = "<group>"; };
		A9D234351E3AD70300DC0C99 /* FilterTextSettingsViewController.swift */ = {isa = PBXFileReference; fileEncoding = 4; lastKnownFileType = sourcecode.swift; path = FilterTextSettingsViewController.swift; sourceTree = "<group>"; };
		A9D234371E3AD70300DC0C99 /* PeripheralTableViewCell.swift */ = {isa = PBXFileReference; fileEncoding = 4; lastKnownFileType = sourcecode.swift; path = PeripheralTableViewCell.swift; sourceTree = "<group>"; };
		A9D234381E3AD70300DC0C99 /* ScannerViewController.swift */ = {isa = PBXFileReference; fileEncoding = 4; lastKnownFileType = sourcecode.swift; path = ScannerViewController.swift; sourceTree = "<group>"; };
		A9D2343F1E3AD75800DC0C99 /* PeripheralList.swift */ = {isa = PBXFileReference; fileEncoding = 4; lastKnownFileType = sourcecode.swift; path = PeripheralList.swift; sourceTree = "<group>"; };
		A9D234411E3AD81D00DC0C99 /* RssiUI.swift */ = {isa = PBXFileReference; fileEncoding = 4; lastKnownFileType = sourcecode.swift; path = RssiUI.swift; sourceTree = "<group>"; };
		A9D2344C1E3AD97600DC0C99 /* StyleConfig.swift */ = {isa = PBXFileReference; fileEncoding = 4; lastKnownFileType = sourcecode.swift; path = StyleConfig.swift; sourceTree = "<group>"; };
		A9D2344E1E3AD98500DC0C99 /* EmptyDetailsViewController.swift */ = {isa = PBXFileReference; fileEncoding = 4; lastKnownFileType = sourcecode.swift; name = EmptyDetailsViewController.swift; path = ../../../../../Bluefruit_LE_Connect_v2/bluefruitconnect/Platform/iOS/Controllers/EmptyDetailsViewController.swift; sourceTree = "<group>"; };
		A9D234511E3AD9A200DC0C99 /* ModuleViewController.swift */ = {isa = PBXFileReference; fileEncoding = 4; lastKnownFileType = sourcecode.swift; path = ModuleViewController.swift; sourceTree = "<group>"; };
		A9D234521E3AD9A200DC0C99 /* PeripheralDetailsCollectionViewCell.swift */ = {isa = PBXFileReference; fileEncoding = 4; lastKnownFileType = sourcecode.swift; path = PeripheralDetailsCollectionViewCell.swift; sourceTree = "<group>"; };
		A9D234531E3AD9A200DC0C99 /* PeripheralDetailsViewController.swift */ = {isa = PBXFileReference; fileEncoding = 4; lastKnownFileType = sourcecode.swift; path = PeripheralDetailsViewController.swift; sourceTree = "<group>"; };
		A9D234541E3AD9A200DC0C99 /* ScrollingTabBarViewController.swift */ = {isa = PBXFileReference; fileEncoding = 4; lastKnownFileType = sourcecode.swift; path = ScrollingTabBarViewController.swift; sourceTree = "<group>"; };
		A9D234591E3ADDEF00DC0C99 /* ScanningAnimationViewController.swift */ = {isa = PBXFileReference; fileEncoding = 4; lastKnownFileType = sourcecode.swift; path = ScanningAnimationViewController.swift; sourceTree = "<group>"; };
		A9D2345B1E3AE06D00DC0C99 /* LocalizationManager.swift */ = {isa = PBXFileReference; fileEncoding = 4; lastKnownFileType = sourcecode.swift; name = LocalizationManager.swift; path = Bluefruit/Utils/LocalizationManager.swift; sourceTree = SOURCE_ROOT; };
		A9D2345D1E3B49BA00DC0C99 /* DataDownloader.swift */ = {isa = PBXFileReference; fileEncoding = 4; lastKnownFileType = sourcecode.swift; path = DataDownloader.swift; sourceTree = "<group>"; };
		A9D234601E3B4D1100DC0C99 /* FirmwareUpdater.swift */ = {isa = PBXFileReference; fileEncoding = 4; lastKnownFileType = sourcecode.swift; path = FirmwareUpdater.swift; sourceTree = "<group>"; };
/* End PBXFileReference section */

/* Begin PBXFrameworksBuildPhase section */
		A9286C931E3A9216008E5F81 /* Frameworks */ = {
			isa = PBXFrameworksBuildPhase;
			buildActionMask = 2147483647;
			files = (
				7F561AC36AACA889C7D12E14 /* Pods_iOS.framework in Frameworks */,
			);
			runOnlyForDeploymentPostprocessing = 0;
		};
/* End PBXFrameworksBuildPhase section */

/* Begin PBXGroup section */
		30C6AAEBEE95D7027D10F8DC /* Pods */ = {
			isa = PBXGroup;
			children = (
				9FEC875F60CE881F27539E60 /* Pods-iOS.debug.xcconfig */,
				2F9569E2A21BA0A3C063393A /* Pods-iOS.release.xcconfig */,
			);
			name = Pods;
			sourceTree = "<group>";
		};
		898E6F8F0FE679F1B515A766 /* Frameworks */ = {
			isa = PBXGroup;
			children = (
				28950E0836DF706F3BBCAA8A /* Pods_iOS.framework */,
			);
			name = Frameworks;
			sourceTree = "<group>";
		};
		A9286C8D1E3A9216008E5F81 = {
			isa = PBXGroup;
			children = (
				A9286C981E3A9216008E5F81 /* Bluefruit */,
				A9286C971E3A9216008E5F81 /* Products */,
				30C6AAEBEE95D7027D10F8DC /* Pods */,
				898E6F8F0FE679F1B515A766 /* Frameworks */,
			);
			sourceTree = "<group>";
		};
		A9286C971E3A9216008E5F81 /* Products */ = {
			isa = PBXGroup;
			children = (
				A9286C961E3A9216008E5F81 /* iOS.app */,
			);
			name = Products;
			sourceTree = "<group>";
		};
		A9286C981E3A9216008E5F81 /* Bluefruit */ = {
			isa = PBXGroup;
			children = (
				A9286CAB1E3A931E008E5F81 /* Platform */,
				A9286CBE1E3A9B22008E5F81 /* Common */,
				A9286CDC1E3A9C98008E5F81 /* Utils */,
				A9D234221E3AD64500DC0C99 /* Resources */,
			);
			path = Bluefruit;
			sourceTree = "<group>";
		};
		A9286CAB1E3A931E008E5F81 /* Platform */ = {
			isa = PBXGroup;
			children = (
				A9286CAC1E3A931E008E5F81 /* iOS */,
			);
			path = Platform;
			sourceTree = "<group>";
		};
		A9286CAC1E3A931E008E5F81 /* iOS */ = {
			isa = PBXGroup;
			children = (
				A9286CAD1E3A931E008E5F81 /* AppDelegate.swift */,
				A9286CAE1E3A931E008E5F81 /* Assets.xcassets */,
				A9286CAF1E3A931E008E5F81 /* LaunchScreen.storyboard */,
				A9286CB11E3A931E008E5F81 /* Main.storyboard */,
				A9286CB31E3A931E008E5F81 /* Info.plist */,
				A9286CBD1E3A947F008E5F81 /* Bluefruit.entitlements */,
				A9286CB91E3A9383008E5F81 /* Controllers */,
				A9286CBA1E3A9383008E5F81 /* Style */,
				A9286CBB1E3A9383008E5F81 /* Utils */,
			);
			path = iOS;
			sourceTree = "<group>";
		};
		A9286CB91E3A9383008E5F81 /* Controllers */ = {
			isa = PBXGroup;
			children = (
				A9D234331E3AD70300DC0C99 /* Scanner */,
				A9D234501E3AD9A200DC0C99 /* PeripheralDetails */,
				A9D2344E1E3AD98500DC0C99 /* EmptyDetailsViewController.swift */,
			);
			path = Controllers;
			sourceTree = "<group>";
		};
		A9286CBA1E3A9383008E5F81 /* Style */ = {
			isa = PBXGroup;
			children = (
				A9D2344C1E3AD97600DC0C99 /* StyleConfig.swift */,
				A969466A1E3CD0CC00BA8DAA /* IntrinsicSizeWithInsetsButton.swift */,
				A969466B1E3CD0CC00BA8DAA /* StyledButton.swift */,
				A969466E1E3CD0F600BA8DAA /* StyledSubview.swift */,
			);
			path = Style;
			sourceTree = "<group>";
		};
		A9286CBB1E3A9383008E5F81 /* Utils */ = {
			isa = PBXGroup;
			children = (
			);
			path = Utils;
			sourceTree = "<group>";
		};
		A9286CBE1E3A9B22008E5F81 /* Common */ = {
			isa = PBXGroup;
			children = (
				A9286CCE1E3A9B22008E5F81 /* Preferences.swift */,
				A9D2345F1E3B4D0700DC0C99 /* Updater */,
				A9D2343E1E3AD75800DC0C99 /* Scanner */,
				A9286CBF1E3A9B22008E5F81 /* AdafruitKit */,
			);
			path = Common;
			sourceTree = "<group>";
		};
		A9286CBF1E3A9B22008E5F81 /* AdafruitKit */ = {
			isa = PBXGroup;
			children = (
				A9286CC01E3A9B22008E5F81 /* Ble */,
				A9286CC81E3A9B22008E5F81 /* Utils */,
			);
			path = AdafruitKit;
			sourceTree = "<group>";
		};
		A9286CC01E3A9B22008E5F81 /* Ble */ = {
			isa = PBXGroup;
			children = (
				A9286CC11E3A9B22008E5F81 /* BleManager.swift */,
				A9286CC41E3A9B22008E5F81 /* BlePeripheral.swift */,
				A9286CC31E3A9B22008E5F81 /* BlePeripheral+Uart.swift */,
				A96946701E3D02F300BA8DAA /* BleUUIDNames.swift */,
				A9286CC61E3A9B22008E5F81 /* UartLogManager.swift */,
				A9286CC71E3A9B22008E5F81 /* UartManager.swift */,
			);
			path = Ble;
			sourceTree = "<group>";
		};
		A9286CC81E3A9B22008E5F81 /* Utils */ = {
			isa = PBXGroup;
			children = (
				A9286CC91E3A9B22008E5F81 /* AlertUtils.swift */,
				A9286CCA1E3A9B22008E5F81 /* CommandQueue.swift */,
				A9286CCB1E3A9B22008E5F81 /* Data+ScanValue.swift */,
				A9286CCC1E3A9B22008E5F81 /* DataConversions.swift */,
				A9D2345D1E3B49BA00DC0C99 /* DataDownloader.swift */,
				A9286CCD1E3A9B22008E5F81 /* LogHelper.swift */,
			);
			path = Utils;
			sourceTree = "<group>";
		};
		A9286CDC1E3A9C98008E5F81 /* Utils */ = {
			isa = PBXGroup;
			children = (
				A9286CDD1E3A9C98008E5F81 /* CocoaCompatibility.swift */,
				A9D2345B1E3AE06D00DC0C99 /* LocalizationManager.swift */,
			);
			path = Utils;
			sourceTree = "<group>";
		};
		A9D234221E3AD64500DC0C99 /* Resources */ = {
			isa = PBXGroup;
			children = (
				A9D234231E3AD64500DC0C99 /* Credits.rtf */,
				A9D234241E3AD64500DC0C99 /* DefaultPreferences.plist */,
				A9D234251E3AD64500DC0C99 /* GattUUIDs.plist */,
				A9D234261E3AD64500DC0C99 /* localization */,
				A9D234291E3AD64500DC0C99 /* NeopixelBoards.plist */,
				A9D2342A1E3AD64500DC0C99 /* NeopixelDefaultPalette.plist */,
				A9D2342B1E3AD64500DC0C99 /* NeopixelTypes.plist */,
			);
			path = Resources;
			sourceTree = "<group>";
		};
		A9D234261E3AD64500DC0C99 /* localization */ = {
			isa = PBXGroup;
			children = (
				A9D234271E3AD64500DC0C99 /* Localizable.strings */,
			);
			path = localization;
			sourceTree = "<group>";
		};
		A9D234331E3AD70300DC0C99 /* Scanner */ = {
			isa = PBXGroup;
			children = (
				A9D234381E3AD70300DC0C99 /* ScannerViewController.swift */,
				A9D234341E3AD70300DC0C99 /* AboutViewController.swift */,
				A9D234351E3AD70300DC0C99 /* FilterTextSettingsViewController.swift */,
				A9D234371E3AD70300DC0C99 /* PeripheralTableViewCell.swift */,
				A9D234591E3ADDEF00DC0C99 /* ScanningAnimationViewController.swift */,
			);
			path = Scanner;
			sourceTree = "<group>";
		};
		A9D2343E1E3AD75800DC0C99 /* Scanner */ = {
			isa = PBXGroup;
			children = (
				A9D234411E3AD81D00DC0C99 /* RssiUI.swift */,
				A9D2343F1E3AD75800DC0C99 /* PeripheralList.swift */,
			);
			path = Scanner;
			sourceTree = "<group>";
		};
		A9D234501E3AD9A200DC0C99 /* PeripheralDetails */ = {
			isa = PBXGroup;
			children = (
				A9D234511E3AD9A200DC0C99 /* ModuleViewController.swift */,
				A9D234521E3AD9A200DC0C99 /* PeripheralDetailsCollectionViewCell.swift */,
				A9D234531E3AD9A200DC0C99 /* PeripheralDetailsViewController.swift */,
				A9D234541E3AD9A200DC0C99 /* ScrollingTabBarViewController.swift */,
			);
			path = PeripheralDetails;
			sourceTree = "<group>";
		};
		A9D2345F1E3B4D0700DC0C99 /* Updater */ = {
			isa = PBXGroup;
			children = (
				A9D234601E3B4D1100DC0C99 /* FirmwareUpdater.swift */,
				A99339741E3CC14B00CCA83D /* ReleasesParser.swift */,
			);
			path = Updater;
			sourceTree = "<group>";
		};
/* End PBXGroup section */

/* Begin PBXNativeTarget section */
		A9286C951E3A9216008E5F81 /* iOS */ = {
			isa = PBXNativeTarget;
			buildConfigurationList = A9286CA81E3A9216008E5F81 /* Build configuration list for PBXNativeTarget "iOS" */;
			buildPhases = (
				F1359294F68DAA8B076BA899 /* [CP] Check Pods Manifest.lock */,
				A9286C921E3A9216008E5F81 /* Sources */,
				A9286C931E3A9216008E5F81 /* Frameworks */,
				A9286C941E3A9216008E5F81 /* Resources */,
				AEED5FC814508D3028F6DBA6 /* [CP] Embed Pods Frameworks */,
				6ABA875B8E32980218758812 /* [CP] Copy Pods Resources */,
			);
			buildRules = (
			);
			dependencies = (
			);
			name = iOS;
			productName = Bluefruit;
			productReference = A9286C961E3A9216008E5F81 /* iOS.app */;
			productType = "com.apple.product-type.application";
		};
/* End PBXNativeTarget section */

/* Begin PBXProject section */
		A9286C8E1E3A9216008E5F81 /* Project object */ = {
			isa = PBXProject;
			attributes = {
				LastSwiftUpdateCheck = 0820;
				LastUpgradeCheck = 0820;
				ORGANIZATIONNAME = Adafruit;
				TargetAttributes = {
					A9286C951E3A9216008E5F81 = {
						CreatedOnToolsVersion = 8.2.1;
						DevelopmentTeam = 2X94RM7457;
						LastSwiftMigration = 0820;
						ProvisioningStyle = Automatic;
						SystemCapabilities = {
							com.apple.iCloud = {
								enabled = 1;
							};
						};
					};
				};
			};
			buildConfigurationList = A9286C911E3A9216008E5F81 /* Build configuration list for PBXProject "Bluefruit" */;
			compatibilityVersion = "Xcode 3.2";
			developmentRegion = English;
			hasScannedForEncodings = 0;
			knownRegions = (
				en,
				Base,
			);
			mainGroup = A9286C8D1E3A9216008E5F81;
			productRefGroup = A9286C971E3A9216008E5F81 /* Products */;
			projectDirPath = "";
			projectRoot = "";
			targets = (
				A9286C951E3A9216008E5F81 /* iOS */,
			);
		};
/* End PBXProject section */

/* Begin PBXResourcesBuildPhase section */
		A9286C941E3A9216008E5F81 /* Resources */ = {
			isa = PBXResourcesBuildPhase;
			buildActionMask = 2147483647;
			files = (
				A9286CB71E3A931E008E5F81 /* Main.storyboard in Resources */,
				A9D2342E1E3AD64500DC0C99 /* GattUUIDs.plist in Resources */,
				A9D234321E3AD64500DC0C99 /* NeopixelTypes.plist in Resources */,
				A9D2342D1E3AD64500DC0C99 /* DefaultPreferences.plist in Resources */,
				A9D2342F1E3AD64500DC0C99 /* Localizable.strings in Resources */,
				A9286CB51E3A931E008E5F81 /* Assets.xcassets in Resources */,
				A9D234301E3AD64500DC0C99 /* NeopixelBoards.plist in Resources */,
				A9286CB61E3A931E008E5F81 /* LaunchScreen.storyboard in Resources */,
				A9D2342C1E3AD64500DC0C99 /* Credits.rtf in Resources */,
				A9D234311E3AD64500DC0C99 /* NeopixelDefaultPalette.plist in Resources */,
			);
			runOnlyForDeploymentPostprocessing = 0;
		};
/* End PBXResourcesBuildPhase section */

/* Begin PBXShellScriptBuildPhase section */
		6ABA875B8E32980218758812 /* [CP] Copy Pods Resources */ = {
			isa = PBXShellScriptBuildPhase;
			buildActionMask = 2147483647;
			files = (
			);
			inputPaths = (
			);
			name = "[CP] Copy Pods Resources";
			outputPaths = (
			);
			runOnlyForDeploymentPostprocessing = 0;
			shellPath = /bin/sh;
			shellScript = "\"${SRCROOT}/Pods/Target Support Files/Pods-iOS/Pods-iOS-resources.sh\"\n";
			showEnvVarsInLog = 0;
		};
		AEED5FC814508D3028F6DBA6 /* [CP] Embed Pods Frameworks */ = {
			isa = PBXShellScriptBuildPhase;
			buildActionMask = 2147483647;
			files = (
			);
			inputPaths = (
			);
			name = "[CP] Embed Pods Frameworks";
			outputPaths = (
			);
			runOnlyForDeploymentPostprocessing = 0;
			shellPath = /bin/sh;
			shellScript = "\"${SRCROOT}/Pods/Target Support Files/Pods-iOS/Pods-iOS-frameworks.sh\"\n";
			showEnvVarsInLog = 0;
		};
		F1359294F68DAA8B076BA899 /* [CP] Check Pods Manifest.lock */ = {
			isa = PBXShellScriptBuildPhase;
			buildActionMask = 2147483647;
			files = (
			);
			inputPaths = (
			);
			name = "[CP] Check Pods Manifest.lock";
			outputPaths = (
			);
			runOnlyForDeploymentPostprocessing = 0;
			shellPath = /bin/sh;
			shellScript = "diff \"${PODS_ROOT}/../Podfile.lock\" \"${PODS_ROOT}/Manifest.lock\" > /dev/null\nif [ $? != 0 ] ; then\n    # print error to STDERR\n    echo \"error: The sandbox is not in sync with the Podfile.lock. Run 'pod install' or update your CocoaPods installation.\" >&2\n    exit 1\nfi\n";
			showEnvVarsInLog = 0;
		};
/* End PBXShellScriptBuildPhase section */

/* Begin PBXSourcesBuildPhase section */
		A9286C921E3A9216008E5F81 /* Sources */ = {
			isa = PBXSourcesBuildPhase;
			buildActionMask = 2147483647;
			files = (
				A9D234551E3AD9A200DC0C99 /* ModuleViewController.swift in Sources */,
				A9286CD11E3A9B22008E5F81 /* BlePeripheral+Uart.swift in Sources */,
				A9286CD91E3A9B22008E5F81 /* DataConversions.swift in Sources */,
				A9286CDA1E3A9B22008E5F81 /* LogHelper.swift in Sources */,
				A9286CD71E3A9B22008E5F81 /* CommandQueue.swift in Sources */,
				A9D234561E3AD9A200DC0C99 /* PeripheralDetailsCollectionViewCell.swift in Sources */,
				A9286CD51E3A9B22008E5F81 /* UartManager.swift in Sources */,
				A9286CD21E3A9B22008E5F81 /* BlePeripheral.swift in Sources */,
				A9286CDB1E3A9B22008E5F81 /* Preferences.swift in Sources */,
				A9D2343A1E3AD70300DC0C99 /* FilterTextSettingsViewController.swift in Sources */,
				A9D2345C1E3AE06D00DC0C99 /* LocalizationManager.swift in Sources */,
				A9286CD61E3A9B22008E5F81 /* AlertUtils.swift in Sources */,
				A9D2344D1E3AD97600DC0C99 /* StyleConfig.swift in Sources */,
				A9D2345A1E3ADDEF00DC0C99 /* ScanningAnimationViewController.swift in Sources */,
				A969466F1E3CD0F600BA8DAA /* StyledSubview.swift in Sources */,
				A9286CD41E3A9B22008E5F81 /* UartLogManager.swift in Sources */,
				A9286CD81E3A9B22008E5F81 /* Data+ScanValue.swift in Sources */,
				A96946711E3D02F300BA8DAA /* BleUUIDNames.swift in Sources */,
				A9D234391E3AD70300DC0C99 /* AboutViewController.swift in Sources */,
				A9D234421E3AD81D00DC0C99 /* RssiUI.swift in Sources */,
				A9D2343D1E3AD70300DC0C99 /* ScannerViewController.swift in Sources */,
				A9D234571E3AD9A200DC0C99 /* PeripheralDetailsViewController.swift in Sources */,
				A99339751E3CC14B00CCA83D /* ReleasesParser.swift in Sources */,
				A969466C1E3CD0CC00BA8DAA /* IntrinsicSizeWithInsetsButton.swift in Sources */,
				A9D2345E1E3B49BA00DC0C99 /* DataDownloader.swift in Sources */,
				A9D234401E3AD75800DC0C99 /* PeripheralList.swift in Sources */,
				A9286CB41E3A931E008E5F81 /* AppDelegate.swift in Sources */,
				A9286CCF1E3A9B22008E5F81 /* BleManager.swift in Sources */,
				A9D2344F1E3AD98500DC0C99 /* EmptyDetailsViewController.swift in Sources */,
				A9D234611E3B4D1100DC0C99 /* FirmwareUpdater.swift in Sources */,
				A9286CDE1E3A9C98008E5F81 /* CocoaCompatibility.swift in Sources */,
				A9D2343C1E3AD70300DC0C99 /* PeripheralTableViewCell.swift in Sources */,
				A969466D1E3CD0CC00BA8DAA /* StyledButton.swift in Sources */,
				A9D234581E3AD9A200DC0C99 /* ScrollingTabBarViewController.swift in Sources */,
			);
			runOnlyForDeploymentPostprocessing = 0;
		};
/* End PBXSourcesBuildPhase section */

/* Begin PBXVariantGroup section */
		A9286CAF1E3A931E008E5F81 /* LaunchScreen.storyboard */ = {
			isa = PBXVariantGroup;
			children = (
				A9286CB01E3A931E008E5F81 /* Base */,
			);
			name = LaunchScreen.storyboard;
			sourceTree = "<group>";
		};
		A9286CB11E3A931E008E5F81 /* Main.storyboard */ = {
			isa = PBXVariantGroup;
			children = (
				A9286CB21E3A931E008E5F81 /* Base */,
			);
			name = Main.storyboard;
			sourceTree = "<group>";
		};
		A9D234271E3AD64500DC0C99 /* Localizable.strings */ = {
			isa = PBXVariantGroup;
			children = (
				A9D234281E3AD64500DC0C99 /* en */,
			);
			name = Localizable.strings;
			sourceTree = "<group>";
		};
/* End PBXVariantGroup section */

/* Begin XCBuildConfiguration section */
		A9286CA61E3A9216008E5F81 /* Debug */ = {
			isa = XCBuildConfiguration;
			buildSettings = {
				ALWAYS_SEARCH_USER_PATHS = NO;
				CLANG_ANALYZER_NONNULL = YES;
				CLANG_CXX_LANGUAGE_STANDARD = "gnu++0x";
				CLANG_CXX_LIBRARY = "libc++";
				CLANG_ENABLE_MODULES = YES;
				CLANG_ENABLE_OBJC_ARC = YES;
				CLANG_WARN_BOOL_CONVERSION = YES;
				CLANG_WARN_CONSTANT_CONVERSION = YES;
				CLANG_WARN_DIRECT_OBJC_ISA_USAGE = YES_ERROR;
				CLANG_WARN_DOCUMENTATION_COMMENTS = YES;
				CLANG_WARN_EMPTY_BODY = YES;
				CLANG_WARN_ENUM_CONVERSION = YES;
				CLANG_WARN_INFINITE_RECURSION = YES;
				CLANG_WARN_INT_CONVERSION = YES;
				CLANG_WARN_OBJC_ROOT_CLASS = YES_ERROR;
				CLANG_WARN_SUSPICIOUS_MOVE = YES;
				CLANG_WARN_UNREACHABLE_CODE = YES;
				CLANG_WARN__DUPLICATE_METHOD_MATCH = YES;
				"CODE_SIGN_IDENTITY[sdk=iphoneos*]" = "iPhone Developer";
				COPY_PHASE_STRIP = NO;
				DEBUG_INFORMATION_FORMAT = dwarf;
				ENABLE_STRICT_OBJC_MSGSEND = YES;
				ENABLE_TESTABILITY = YES;
				GCC_C_LANGUAGE_STANDARD = gnu99;
				GCC_DYNAMIC_NO_PIC = NO;
				GCC_NO_COMMON_BLOCKS = YES;
				GCC_OPTIMIZATION_LEVEL = 0;
				GCC_PREPROCESSOR_DEFINITIONS = (
					"DEBUG=1",
					"$(inherited)",
				);
				GCC_WARN_64_TO_32_BIT_CONVERSION = YES;
				GCC_WARN_ABOUT_RETURN_TYPE = YES_ERROR;
				GCC_WARN_UNDECLARED_SELECTOR = YES;
				GCC_WARN_UNINITIALIZED_AUTOS = YES_AGGRESSIVE;
				GCC_WARN_UNUSED_FUNCTION = YES;
				GCC_WARN_UNUSED_VARIABLE = YES;
				IPHONEOS_DEPLOYMENT_TARGET = 10.2;
				MTL_ENABLE_DEBUG_INFO = YES;
				ONLY_ACTIVE_ARCH = YES;
				SDKROOT = iphoneos;
				SWIFT_ACTIVE_COMPILATION_CONDITIONS = DEBUG;
				SWIFT_OPTIMIZATION_LEVEL = "-Onone";
				TARGETED_DEVICE_FAMILY = "1,2";
			};
			name = Debug;
		};
		A9286CA71E3A9216008E5F81 /* Release */ = {
			isa = XCBuildConfiguration;
			buildSettings = {
				ALWAYS_SEARCH_USER_PATHS = NO;
				CLANG_ANALYZER_NONNULL = YES;
				CLANG_CXX_LANGUAGE_STANDARD = "gnu++0x";
				CLANG_CXX_LIBRARY = "libc++";
				CLANG_ENABLE_MODULES = YES;
				CLANG_ENABLE_OBJC_ARC = YES;
				CLANG_WARN_BOOL_CONVERSION = YES;
				CLANG_WARN_CONSTANT_CONVERSION = YES;
				CLANG_WARN_DIRECT_OBJC_ISA_USAGE = YES_ERROR;
				CLANG_WARN_DOCUMENTATION_COMMENTS = YES;
				CLANG_WARN_EMPTY_BODY = YES;
				CLANG_WARN_ENUM_CONVERSION = YES;
				CLANG_WARN_INFINITE_RECURSION = YES;
				CLANG_WARN_INT_CONVERSION = YES;
				CLANG_WARN_OBJC_ROOT_CLASS = YES_ERROR;
				CLANG_WARN_SUSPICIOUS_MOVE = YES;
				CLANG_WARN_UNREACHABLE_CODE = YES;
				CLANG_WARN__DUPLICATE_METHOD_MATCH = YES;
				"CODE_SIGN_IDENTITY[sdk=iphoneos*]" = "iPhone Developer";
				COPY_PHASE_STRIP = NO;
				DEBUG_INFORMATION_FORMAT = "dwarf-with-dsym";
				ENABLE_NS_ASSERTIONS = NO;
				ENABLE_STRICT_OBJC_MSGSEND = YES;
				GCC_C_LANGUAGE_STANDARD = gnu99;
				GCC_NO_COMMON_BLOCKS = YES;
				GCC_WARN_64_TO_32_BIT_CONVERSION = YES;
				GCC_WARN_ABOUT_RETURN_TYPE = YES_ERROR;
				GCC_WARN_UNDECLARED_SELECTOR = YES;
				GCC_WARN_UNINITIALIZED_AUTOS = YES_AGGRESSIVE;
				GCC_WARN_UNUSED_FUNCTION = YES;
				GCC_WARN_UNUSED_VARIABLE = YES;
				IPHONEOS_DEPLOYMENT_TARGET = 10.2;
				MTL_ENABLE_DEBUG_INFO = NO;
				SDKROOT = iphoneos;
				SWIFT_OPTIMIZATION_LEVEL = "-Owholemodule";
				TARGETED_DEVICE_FAMILY = "1,2";
				VALIDATE_PRODUCT = YES;
			};
			name = Release;
		};
		A9286CA91E3A9216008E5F81 /* Debug */ = {
			isa = XCBuildConfiguration;
			baseConfigurationReference = 9FEC875F60CE881F27539E60 /* Pods-iOS.debug.xcconfig */;
			buildSettings = {
				ALWAYS_EMBED_SWIFT_STANDARD_LIBRARIES = YES;
				ASSETCATALOG_COMPILER_APPICON_NAME = AppIcon;
				CODE_SIGN_ENTITLEMENTS = Bluefruit/Platform/iOS/Bluefruit.entitlements;
				DEVELOPMENT_TEAM = 2X94RM7457;
				INFOPLIST_FILE = Bluefruit/Platform/iOS/Info.plist;
				IPHONEOS_DEPLOYMENT_TARGET = 9.0;
				LD_RUNPATH_SEARCH_PATHS = "$(inherited) @executable_path/Frameworks";
				PRODUCT_BUNDLE_IDENTIFIER = com.adafruit.bluefruitconnect;
				PRODUCT_NAME = "$(TARGET_NAME)";
				SWIFT_VERSION = 3.0;
			};
			name = Debug;
		};
		A9286CAA1E3A9216008E5F81 /* Release */ = {
			isa = XCBuildConfiguration;
			baseConfigurationReference = 2F9569E2A21BA0A3C063393A /* Pods-iOS.release.xcconfig */;
			buildSettings = {
				ALWAYS_EMBED_SWIFT_STANDARD_LIBRARIES = YES;
				ASSETCATALOG_COMPILER_APPICON_NAME = AppIcon;
				CODE_SIGN_ENTITLEMENTS = Bluefruit/Platform/iOS/Bluefruit.entitlements;
				DEVELOPMENT_TEAM = 2X94RM7457;
				INFOPLIST_FILE = Bluefruit/Platform/iOS/Info.plist;
				IPHONEOS_DEPLOYMENT_TARGET = 9.0;
				LD_RUNPATH_SEARCH_PATHS = "$(inherited) @executable_path/Frameworks";
				PRODUCT_BUNDLE_IDENTIFIER = com.adafruit.bluefruitconnect;
				PRODUCT_NAME = "$(TARGET_NAME)";
				SWIFT_VERSION = 3.0;
			};
			name = Release;
		};
/* End XCBuildConfiguration section */

/* Begin XCConfigurationList section */
		A9286C911E3A9216008E5F81 /* Build configuration list for PBXProject "Bluefruit" */ = {
			isa = XCConfigurationList;
			buildConfigurations = (
				A9286CA61E3A9216008E5F81 /* Debug */,
				A9286CA71E3A9216008E5F81 /* Release */,
			);
			defaultConfigurationIsVisible = 0;
			defaultConfigurationName = Release;
		};
		A9286CA81E3A9216008E5F81 /* Build configuration list for PBXNativeTarget "iOS" */ = {
			isa = XCConfigurationList;
			buildConfigurations = (
				A9286CA91E3A9216008E5F81 /* Debug */,
				A9286CAA1E3A9216008E5F81 /* Release */,
			);
			defaultConfigurationIsVisible = 0;
			defaultConfigurationName = Release;
		};
/* End XCConfigurationList section */
	};
	rootObject = A9286C8E1E3A9216008E5F81 /* Project object */;
}
